// !$*UTF8*$!
{
	archiveVersion = 1;
	classes = {
	};
	objectVersion = 46;
	objects = {

/* Begin PBXBuildFile section */
		111AECAB14BF7BF300653A12 /* dog-icon.png in Resources */ = {isa = PBXBuildFile; fileRef = 111AECAA14BF7BF300653A12 /* dog-icon.png */; };
		111AECAF14BF7C9500653A12 /* cow-icon.png in Resources */ = {isa = PBXBuildFile; fileRef = 111AECAE14BF7C9500653A12 /* cow-icon.png */; };
		111AECB214BF7D2000653A12 /* refresh.png in Resources */ = {isa = PBXBuildFile; fileRef = 111AECB114BF7D2000653A12 /* refresh.png */; };
		111AECB514BF7F4D00653A12 /* winback.png in Resources */ = {isa = PBXBuildFile; fileRef = 111AECB414BF7F4D00653A12 /* winback.png */; };
		111AECBE14BF842F00653A12 /* WebKit.framework in Frameworks */ = {isa = PBXBuildFile; fileRef = 111AECBD14BF842F00653A12 /* WebKit.framework */; };
		112709A214BBA19C00673DF8 /* Cocoa.framework in Frameworks */ = {isa = PBXBuildFile; fileRef = 112709A114BBA19C00673DF8 /* Cocoa.framework */; };
		112709AC14BBA19C00673DF8 /* InfoPlist.strings in Resources */ = {isa = PBXBuildFile; fileRef = 112709AA14BBA19C00673DF8 /* InfoPlist.strings */; };
		112709AE14BBA19C00673DF8 /* main.m in Sources */ = {isa = PBXBuildFile; fileRef = 112709AD14BBA19C00673DF8 /* main.m */; };
		112709B214BBA19C00673DF8 /* Credits.rtf in Resources */ = {isa = PBXBuildFile; fileRef = 112709B014BBA19C00673DF8 /* Credits.rtf */; };
		112709B514BBA19C00673DF8 /* AppDelegate.m in Sources */ = {isa = PBXBuildFile; fileRef = 112709B414BBA19C00673DF8 /* AppDelegate.m */; };
		112709B814BBA19D00673DF8 /* MainMenu.xib in Resources */ = {isa = PBXBuildFile; fileRef = 112709B614BBA19D00673DF8 /* MainMenu.xib */; };
		112709C014BBA1C200673DF8 /* Dog.m in Sources */ = {isa = PBXBuildFile; fileRef = 112709BE14BBA1C200673DF8 /* Dog.m */; };
		1142291614BFEE8400B001E3 /* jquery-1.7.1.min.js in Resources */ = {isa = PBXBuildFile; fileRef = 1142291414BFE9D900B001E3 /* jquery-1.7.1.min.js */; };
		11713AFB14BE9FF600F5CC37 /* dog_icn.icns in Resources */ = {isa = PBXBuildFile; fileRef = 11713AFA14BE9FF600F5CC37 /* dog_icn.icns */; };
		1195259A14BF7B940015F78D /* cat-icon.png in Resources */ = {isa = PBXBuildFile; fileRef = 1195259614BF7B940015F78D /* cat-icon.png */; };
		1195259C14BF7B940015F78D /* arrows.png in Resources */ = {isa = PBXBuildFile; fileRef = 1195259714BF7B940015F78D /* arrows.png */; };
		1195259E14BF7B940015F78D /* man.png in Resources */ = {isa = PBXBuildFile; fileRef = 1195259814BF7B940015F78D /* man.png */; };
		119525A014BF7B940015F78D /* top_bar.png in Resources */ = {isa = PBXBuildFile; fileRef = 1195259914BF7B940015F78D /* top_bar.png */; };
		11C3EE8314BF8754003C96AE /* index.html in Resources */ = {isa = PBXBuildFile; fileRef = 11C3EE8214BF8754003C96AE /* index.html */; };
		11C3EE8714BF9FF4003C96AE /* grad.png in Resources */ = {isa = PBXBuildFile; fileRef = 11C3EE8614BF9FF4003C96AE /* grad.png */; };
		11C3EE8A14BFA91B003C96AE /* bar-back.png in Resources */ = {isa = PBXBuildFile; fileRef = 11C3EE8914BFA91B003C96AE /* bar-back.png */; };
		11C3EE8E14BFAF40003C96AE /* blue.png in Resources */ = {isa = PBXBuildFile; fileRef = 11C3EE8C14BFAF40003C96AE /* blue.png */; };
		11C3EE9014BFAF40003C96AE /* red.png in Resources */ = {isa = PBXBuildFile; fileRef = 11C3EE8D14BFAF40003C96AE /* red.png */; };
		11C3EE9514BFBA1D003C96AE /* pink.png in Resources */ = {isa = PBXBuildFile; fileRef = 11C3EE9214BFBA1D003C96AE /* pink.png */; };
		11C3EE9714BFBA1D003C96AE /* orange.png in Resources */ = {isa = PBXBuildFile; fileRef = 11C3EE9314BFBA1D003C96AE /* orange.png */; };
		11C3EE9914BFBA1D003C96AE /* green.png in Resources */ = {isa = PBXBuildFile; fileRef = 11C3EE9414BFBA1D003C96AE /* green.png */; };
		11DC8B5514CA5B940062B53A /* dog.icns in Resources */ = {isa = PBXBuildFile; fileRef = 11DC8B5414CA5B940062B53A /* dog.icns */; };
		11E58DE114BF6827001E8712 /* topBar.m in Sources */ = {isa = PBXBuildFile; fileRef = 11E58DE014BF6827001E8712 /* topBar.m */; };
/* End PBXBuildFile section */

/* Begin PBXFileReference section */
		111AECAA14BF7BF300653A12 /* dog-icon.png */ = {isa = PBXFileReference; lastKnownFileType = image.png; path = "dog-icon.png"; sourceTree = "<group>"; };
		111AECAE14BF7C9500653A12 /* cow-icon.png */ = {isa = PBXFileReference; lastKnownFileType = image.png; path = "cow-icon.png"; sourceTree = "<group>"; };
		111AECB114BF7D2000653A12 /* refresh.png */ = {isa = PBXFileReference; lastKnownFileType = image.png; path = refresh.png; sourceTree = "<group>"; };
		111AECB414BF7F4D00653A12 /* winback.png */ = {isa = PBXFileReference; lastKnownFileType = image.png; path = winback.png; sourceTree = "<group>"; };
		111AECBD14BF842F00653A12 /* WebKit.framework */ = {isa = PBXFileReference; lastKnownFileType = wrapper.framework; name = WebKit.framework; path = System/Library/Frameworks/WebKit.framework; sourceTree = SDKROOT; };
		1127099D14BBA19C00673DF8 /* Dog Age.app */ = {isa = PBXFileReference; explicitFileType = wrapper.application; includeInIndex = 0; name = "Dog Age.app"; path = "Animal Age.app"; sourceTree = BUILT_PRODUCTS_DIR; };
		112709A114BBA19C00673DF8 /* Cocoa.framework */ = {isa = PBXFileReference; lastKnownFileType = wrapper.framework; name = Cocoa.framework; path = System/Library/Frameworks/Cocoa.framework; sourceTree = SDKROOT; };
		112709A414BBA19C00673DF8 /* AppKit.framework */ = {isa = PBXFileReference; lastKnownFileType = wrapper.framework; name = AppKit.framework; path = System/Library/Frameworks/AppKit.framework; sourceTree = SDKROOT; };
		112709A514BBA19C00673DF8 /* CoreData.framework */ = {isa = PBXFileReference; lastKnownFileType = wrapper.framework; name = CoreData.framework; path = System/Library/Frameworks/CoreData.framework; sourceTree = SDKROOT; };
		112709A614BBA19C00673DF8 /* Foundation.framework */ = {isa = PBXFileReference; lastKnownFileType = wrapper.framework; name = Foundation.framework; path = System/Library/Frameworks/Foundation.framework; sourceTree = SDKROOT; };
		112709A914BBA19C00673DF8 /* Dog Age-Info.plist */ = {isa = PBXFileReference; lastKnownFileType = text.plist.xml; path = "Dog Age-Info.plist"; sourceTree = "<group>"; };
		112709AB14BBA19C00673DF8 /* en */ = {isa = PBXFileReference; lastKnownFileType = text.plist.strings; name = en; path = en.lproj/InfoPlist.strings; sourceTree = "<group>"; };
		112709AD14BBA19C00673DF8 /* main.m */ = {isa = PBXFileReference; lastKnownFileType = sourcecode.c.objc; path = main.m; sourceTree = "<group>"; };
		112709AF14BBA19C00673DF8 /* Dog Age-Prefix.pch */ = {isa = PBXFileReference; lastKnownFileType = sourcecode.c.h; path = "Dog Age-Prefix.pch"; sourceTree = "<group>"; };
		112709B114BBA19C00673DF8 /* en */ = {isa = PBXFileReference; lastKnownFileType = text.rtf; name = en; path = en.lproj/Credits.rtf; sourceTree = "<group>"; };
		112709B314BBA19C00673DF8 /* AppDelegate.h */ = {isa = PBXFileReference; lastKnownFileType = sourcecode.c.h; path = AppDelegate.h; sourceTree = "<group>"; };
		112709B414BBA19C00673DF8 /* AppDelegate.m */ = {isa = PBXFileReference; lastKnownFileType = sourcecode.c.objc; path = AppDelegate.m; sourceTree = "<group>"; };
		112709B714BBA19D00673DF8 /* en */ = {isa = PBXFileReference; lastKnownFileType = file.xib; name = en; path = en.lproj/MainMenu.xib; sourceTree = "<group>"; };
		112709BE14BBA1C200673DF8 /* Dog.m */ = {isa = PBXFileReference; fileEncoding = 4; lastKnownFileType = sourcecode.c.objc; path = Dog.m; sourceTree = "<group>"; };
		112709BF14BBA1C200673DF8 /* Dog.h */ = {isa = PBXFileReference; fileEncoding = 4; lastKnownFileType = sourcecode.c.h; path = Dog.h; sourceTree = "<group>"; };
		1142291414BFE9D900B001E3 /* jquery-1.7.1.min.js */ = {isa = PBXFileReference; fileEncoding = 4; lastKnownFileType = sourcecode.javascript; path = "jquery-1.7.1.min.js"; sourceTree = "<group>"; };
		11713AFA14BE9FF600F5CC37 /* dog_icn.icns */ = {isa = PBXFileReference; lastKnownFileType = image.icns; path = dog_icn.icns; sourceTree = "<group>"; };
		1195259614BF7B940015F78D /* cat-icon.png */ = {isa = PBXFileReference; lastKnownFileType = image.png; path = "cat-icon.png"; sourceTree = "<group>"; };
		1195259714BF7B940015F78D /* arrows.png */ = {isa = PBXFileReference; lastKnownFileType = image.png; path = arrows.png; sourceTree = "<group>"; };
		1195259814BF7B940015F78D /* man.png */ = {isa = PBXFileReference; lastKnownFileType = image.png; path = man.png; sourceTree = "<group>"; };
		1195259914BF7B940015F78D /* top_bar.png */ = {isa = PBXFileReference; lastKnownFileType = image.png; path = top_bar.png; sourceTree = "<group>"; };
		11C3EE8214BF8754003C96AE /* index.html */ = {isa = PBXFileReference; fileEncoding = 4; lastKnownFileType = text.html; path = index.html; sourceTree = "<group>"; };
		11C3EE8614BF9FF4003C96AE /* grad.png */ = {isa = PBXFileReference; lastKnownFileType = image.png; path = grad.png; sourceTree = "<group>"; };
		11C3EE8914BFA91B003C96AE /* bar-back.png */ = {isa = PBXFileReference; lastKnownFileType = image.png; path = "bar-back.png"; sourceTree = "<group>"; };
		11C3EE8C14BFAF40003C96AE /* blue.png */ = {isa = PBXFileReference; lastKnownFileType = image.png; path = blue.png; sourceTree = "<group>"; };
		11C3EE8D14BFAF40003C96AE /* red.png */ = {isa = PBXFileReference; lastKnownFileType = image.png; path = red.png; sourceTree = "<group>"; };
		11C3EE9214BFBA1D003C96AE /* pink.png */ = {isa = PBXFileReference; lastKnownFileType = image.png; path = pink.png; sourceTree = "<group>"; };
		11C3EE9314BFBA1D003C96AE /* orange.png */ = {isa = PBXFileReference; lastKnownFileType = image.png; path = orange.png; sourceTree = "<group>"; };
		11C3EE9414BFBA1D003C96AE /* green.png */ = {isa = PBXFileReference; lastKnownFileType = image.png; path = green.png; sourceTree = "<group>"; };
		11DC8B5414CA5B940062B53A /* dog.icns */ = {isa = PBXFileReference; lastKnownFileType = image.icns; path = dog.icns; sourceTree = "<group>"; };
		11E58DDF14BF6827001E8712 /* topBar.h */ = {isa = PBXFileReference; fileEncoding = 4; lastKnownFileType = sourcecode.c.h; path = topBar.h; sourceTree = "<group>"; };
		11E58DE014BF6827001E8712 /* topBar.m */ = {isa = PBXFileReference; fileEncoding = 4; lastKnownFileType = sourcecode.c.objc; path = topBar.m; sourceTree = "<group>"; };
/* End PBXFileReference section */

/* Begin PBXFrameworksBuildPhase section */
		1127099A14BBA19C00673DF8 /* Frameworks */ = {
			isa = PBXFrameworksBuildPhase;
			buildActionMask = 2147483647;
			files = (
				111AECBE14BF842F00653A12 /* WebKit.framework in Frameworks */,
				112709A214BBA19C00673DF8 /* Cocoa.framework in Frameworks */,
			);
			runOnlyForDeploymentPostprocessing = 0;
		};
/* End PBXFrameworksBuildPhase section */

/* Begin PBXGroup section */
		1127099214BBA19C00673DF8 = {
			isa = PBXGroup;
			children = (
				11DC8B5414CA5B940062B53A /* dog.icns */,
				111AECBD14BF842F00653A12 /* WebKit.framework */,
				11713AFA14BE9FF600F5CC37 /* dog_icn.icns */,
				112709A714BBA19C00673DF8 /* Dog Age */,
				112709A014BBA19C00673DF8 /* Frameworks */,
				1127099E14BBA19C00673DF8 /* Products */,
			);
			sourceTree = "<group>";
		};
		1127099E14BBA19C00673DF8 /* Products */ = {
			isa = PBXGroup;
			children = (
				1127099D14BBA19C00673DF8 /* Dog Age.app */,
			);
			name = Products;
			sourceTree = "<group>";
		};
		112709A014BBA19C00673DF8 /* Frameworks */ = {
			isa = PBXGroup;
			children = (
				112709A114BBA19C00673DF8 /* Cocoa.framework */,
				112709A314BBA19C00673DF8 /* Other Frameworks */,
			);
			name = Frameworks;
			sourceTree = "<group>";
		};
		112709A314BBA19C00673DF8 /* Other Frameworks */ = {
			isa = PBXGroup;
			children = (
				112709A414BBA19C00673DF8 /* AppKit.framework */,
				112709A514BBA19C00673DF8 /* CoreData.framework */,
				112709A614BBA19C00673DF8 /* Foundation.framework */,
			);
			name = "Other Frameworks";
			sourceTree = "<group>";
		};
		112709A714BBA19C00673DF8 /* Dog Age */ = {
			isa = PBXGroup;
			children = (
				112709B314BBA19C00673DF8 /* AppDelegate.h */,
				112709B414BBA19C00673DF8 /* AppDelegate.m */,
				11C3EE8514BF9C77003C96AE /* htdocs */,
				11E58DDF14BF6827001E8712 /* topBar.h */,
				11E58DE014BF6827001E8712 /* topBar.m */,
				112709B614BBA19D00673DF8 /* MainMenu.xib */,
				112709BE14BBA1C200673DF8 /* Dog.m */,
				11713AFD14BEA43B00F5CC37 /* images */,
				112709BF14BBA1C200673DF8 /* Dog.h */,
				112709A814BBA19C00673DF8 /* Supporting Files */,
			);
			path = "Dog Age";
			sourceTree = "<group>";
		};
		112709A814BBA19C00673DF8 /* Supporting Files */ = {
			isa = PBXGroup;
			children = (
				112709A914BBA19C00673DF8 /* Dog Age-Info.plist */,
				112709AA14BBA19C00673DF8 /* InfoPlist.strings */,
				112709AD14BBA19C00673DF8 /* main.m */,
				112709AF14BBA19C00673DF8 /* Dog Age-Prefix.pch */,
				112709B014BBA19C00673DF8 /* Credits.rtf */,
			);
			name = "Supporting Files";
			sourceTree = "<group>";
		};
		11713AFD14BEA43B00F5CC37 /* images */ = {
			isa = PBXGroup;
			children = (
				11C3EE9214BFBA1D003C96AE /* pink.png */,
				11C3EE9314BFBA1D003C96AE /* orange.png */,
				11C3EE9414BFBA1D003C96AE /* green.png */,
				111AECB414BF7F4D00653A12 /* winback.png */,
				11C3EE8914BFA91B003C96AE /* bar-back.png */,
				11C3EE8614BF9FF4003C96AE /* grad.png */,
				111AECB114BF7D2000653A12 /* refresh.png */,
				11C3EE8C14BFAF40003C96AE /* blue.png */,
				11C3EE8D14BFAF40003C96AE /* red.png */,
				1195259614BF7B940015F78D /* cat-icon.png */,
				1195259714BF7B940015F78D /* arrows.png */,
				1195259814BF7B940015F78D /* man.png */,
				111AECAE14BF7C9500653A12 /* cow-icon.png */,
				111AECAA14BF7BF300653A12 /* dog-icon.png */,
				1195259914BF7B940015F78D /* top_bar.png */,
			);
			name = images;
			sourceTree = "<group>";
		};
		11C3EE8514BF9C77003C96AE /* htdocs */ = {
			isa = PBXGroup;
			children = (
				11C3EE8214BF8754003C96AE /* index.html */,
				1142291414BFE9D900B001E3 /* jquery-1.7.1.min.js */,
			);
			name = htdocs;
			sourceTree = "<group>";
		};
/* End PBXGroup section */

/* Begin PBXNativeTarget section */
		1127099C14BBA19C00673DF8 /* Animal Age */ = {
			isa = PBXNativeTarget;
			buildConfigurationList = 112709BB14BBA19D00673DF8 /* Build configuration list for PBXNativeTarget "Animal Age" */;
			buildPhases = (
				1127099914BBA19C00673DF8 /* Sources */,
				1127099A14BBA19C00673DF8 /* Frameworks */,
				1127099B14BBA19C00673DF8 /* Resources */,
			);
			buildRules = (
			);
			dependencies = (
			);
			name = "Animal Age";
			productName = "Dog Age";
			productReference = 1127099D14BBA19C00673DF8 /* Dog Age.app */;
			productType = "com.apple.product-type.application";
		};
/* End PBXNativeTarget section */

/* Begin PBXProject section */
		1127099414BBA19C00673DF8 /* Project object */ = {
			isa = PBXProject;
			attributes = {
				LastUpgradeCheck = 0420;
				ORGANIZATIONNAME = JBD;
			};
			buildConfigurationList = 1127099714BBA19C00673DF8 /* Build configuration list for PBXProject "Dog Age" */;
			compatibilityVersion = "Xcode 3.2";
			developmentRegion = English;
			hasScannedForEncodings = 0;
			knownRegions = (
				en,
				ja,
			);
			mainGroup = 1127099214BBA19C00673DF8;
			productRefGroup = 1127099E14BBA19C00673DF8 /* Products */;
			projectDirPath = "";
			projectRoot = "";
			targets = (
				1127099C14BBA19C00673DF8 /* Animal Age */,
			);
		};
/* End PBXProject section */

/* Begin PBXResourcesBuildPhase section */
		1127099B14BBA19C00673DF8 /* Resources */ = {
			isa = PBXResourcesBuildPhase;
			buildActionMask = 2147483647;
			files = (
				112709AC14BBA19C00673DF8 /* InfoPlist.strings in Resources */,
				112709B214BBA19C00673DF8 /* Credits.rtf in Resources */,
				112709B814BBA19D00673DF8 /* MainMenu.xib in Resources */,
				11713AFB14BE9FF600F5CC37 /* dog_icn.icns in Resources */,
				1142291614BFEE8400B001E3 /* jquery-1.7.1.min.js in Resources */,
				1195259A14BF7B940015F78D /* cat-icon.png in Resources */,
				1195259C14BF7B940015F78D /* arrows.png in Resources */,
				1195259E14BF7B940015F78D /* man.png in Resources */,
				119525A014BF7B940015F78D /* top_bar.png in Resources */,
				111AECAB14BF7BF300653A12 /* dog-icon.png in Resources */,
				111AECAF14BF7C9500653A12 /* cow-icon.png in Resources */,
				111AECB214BF7D2000653A12 /* refresh.png in Resources */,
				111AECB514BF7F4D00653A12 /* winback.png in Resources */,
				11C3EE8314BF8754003C96AE /* index.html in Resources */,
				11C3EE8714BF9FF4003C96AE /* grad.png in Resources */,
				11C3EE8A14BFA91B003C96AE /* bar-back.png in Resources */,
				11C3EE8E14BFAF40003C96AE /* blue.png in Resources */,
				11C3EE9014BFAF40003C96AE /* red.png in Resources */,
				11C3EE9514BFBA1D003C96AE /* pink.png in Resources */,
				11C3EE9714BFBA1D003C96AE /* orange.png in Resources */,
				11C3EE9914BFBA1D003C96AE /* green.png in Resources */,
				11DC8B5514CA5B940062B53A /* dog.icns in Resources */,
			);
			runOnlyForDeploymentPostprocessing = 0;
		};
/* End PBXResourcesBuildPhase section */

/* Begin PBXSourcesBuildPhase section */
		1127099914BBA19C00673DF8 /* Sources */ = {
			isa = PBXSourcesBuildPhase;
			buildActionMask = 2147483647;
			files = (
				112709AE14BBA19C00673DF8 /* main.m in Sources */,
				112709B514BBA19C00673DF8 /* AppDelegate.m in Sources */,
				112709C014BBA1C200673DF8 /* Dog.m in Sources */,
				11E58DE114BF6827001E8712 /* topBar.m in Sources */,
			);
			runOnlyForDeploymentPostprocessing = 0;
		};
/* End PBXSourcesBuildPhase section */

/* Begin PBXVariantGroup section */
		112709AA14BBA19C00673DF8 /* InfoPlist.strings */ = {
			isa = PBXVariantGroup;
			children = (
				112709AB14BBA19C00673DF8 /* en */,
			);
			name = InfoPlist.strings;
			sourceTree = "<group>";
		};
		112709B014BBA19C00673DF8 /* Credits.rtf */ = {
			isa = PBXVariantGroup;
			children = (
				112709B114BBA19C00673DF8 /* en */,
			);
			name = Credits.rtf;
			sourceTree = "<group>";
		};
		112709B614BBA19D00673DF8 /* MainMenu.xib */ = {
			isa = PBXVariantGroup;
			children = (
				112709B714BBA19D00673DF8 /* en */,
			);
			name = MainMenu.xib;
			sourceTree = "<group>";
		};
/* End PBXVariantGroup section */

/* Begin XCBuildConfiguration section */
		112709B914BBA19D00673DF8 /* Debug */ = {
			isa = XCBuildConfiguration;
			buildSettings = {
				ALWAYS_SEARCH_USER_PATHS = NO;
				ARCHS = "$(ARCHS_STANDARD_64_BIT)";
				COPY_PHASE_STRIP = NO;
				GCC_C_LANGUAGE_STANDARD = gnu99;
				GCC_DYNAMIC_NO_PIC = NO;
				GCC_ENABLE_OBJC_EXCEPTIONS = YES;
				GCC_OPTIMIZATION_LEVEL = 0;
				GCC_PREPROCESSOR_DEFINITIONS = (
					"DEBUG=1",
					"$(inherited)",
				);
				GCC_SYMBOLS_PRIVATE_EXTERN = NO;
				GCC_VERSION = com.apple.compilers.llvm.clang.1_0;
				GCC_WARN_64_TO_32_BIT_CONVERSION = YES;
				GCC_WARN_ABOUT_MISSING_PROTOTYPES = YES;
				GCC_WARN_ABOUT_RETURN_TYPE = YES;
				GCC_WARN_UNUSED_VARIABLE = YES;
				MACOSX_DEPLOYMENT_TARGET = 10.7;
				ONLY_ACTIVE_ARCH = YES;
				SDKROOT = macosx;
			};
			name = Debug;
		};
		112709BA14BBA19D00673DF8 /* Release */ = {
			isa = XCBuildConfiguration;
			buildSettings = {
				ALWAYS_SEARCH_USER_PATHS = NO;
				ARCHS = "$(ARCHS_STANDARD_64_BIT)";
				COPY_PHASE_STRIP = YES;
				DEBUG_INFORMATION_FORMAT = "dwarf-with-dsym";
				GCC_C_LANGUAGE_STANDARD = gnu99;
				GCC_ENABLE_OBJC_EXCEPTIONS = YES;
				GCC_VERSION = com.apple.compilers.llvm.clang.1_0;
				GCC_WARN_64_TO_32_BIT_CONVERSION = YES;
				GCC_WARN_ABOUT_MISSING_PROTOTYPES = YES;
				GCC_WARN_ABOUT_RETURN_TYPE = YES;
				GCC_WARN_UNUSED_VARIABLE = YES;
				MACOSX_DEPLOYMENT_TARGET = 10.7;
				SDKROOT = macosx;
			};
			name = Release;
		};
		112709BC14BBA19D00673DF8 /* Debug */ = {
			isa = XCBuildConfiguration;
			buildSettings = {
				GCC_PRECOMPILE_PREFIX_HEADER = YES;
				GCC_PREFIX_HEADER = "Dog Age/Dog Age-Prefix.pch";
				INFOPLIST_FILE = "Dog Age/Dog Age-Info.plist";
				PRODUCT_NAME = "$(TARGET_NAME)";
				WRAPPER_EXTENSION = app;
			};
			name = Debug;
		};
		112709BD14BBA19D00673DF8 /* Release */ = {
			isa = XCBuildConfiguration;
			buildSettings = {
				GCC_PRECOMPILE_PREFIX_HEADER = YES;
				GCC_PREFIX_HEADER = "Dog Age/Dog Age-Prefix.pch";
				INFOPLIST_FILE = "Dog Age/Dog Age-Info.plist";
				PRODUCT_NAME = "$(TARGET_NAME)";
				WRAPPER_EXTENSION = app;
			};
			name = Release;
		};
/* End XCBuildConfiguration section */

/* Begin XCConfigurationList section */
		1127099714BBA19C00673DF8 /* Build configuration list for PBXProject "Dog Age" */ = {
			isa = XCConfigurationList;
			buildConfigurations = (
				112709B914BBA19D00673DF8 /* Debug */,
				112709BA14BBA19D00673DF8 /* Release */,
			);
			defaultConfigurationIsVisible = 0;
			defaultConfigurationName = Release;
		};
		112709BB14BBA19D00673DF8 /* Build configuration list for PBXNativeTarget "Animal Age" */ = {
			isa = XCConfigurationList;
			buildConfigurations = (
				112709BC14BBA19D00673DF8 /* Debug */,
				112709BD14BBA19D00673DF8 /* Release */,
			);
			defaultConfigurationIsVisible = 0;
			defaultConfigurationName = Release;
		};
/* End XCConfigurationList section */
	};
	rootObject = 1127099414BBA19C00673DF8 /* Project object */;
}
