// !$*UTF8*$!
{
	archiveVersion = 1;
	classes = {
	};
	objectVersion = 46;
	objects = {

/* Begin PBXBuildFile section */
		111AECBE14BF842F00653A12 /* WebKit.framework in Frameworks */ = {isa = PBXBuildFile; fileRef = 111AECBD14BF842F00653A12 /* WebKit.framework */; };
		112709A214BBA19C00673DF8 /* Cocoa.framework in Frameworks */ = {isa = PBXBuildFile; fileRef = 112709A114BBA19C00673DF8 /* Cocoa.framework */; };
		112709AC14BBA19C00673DF8 /* InfoPlist.strings in Resources */ = {isa = PBXBuildFile; fileRef = 112709AA14BBA19C00673DF8 /* InfoPlist.strings */; };
		112709B214BBA19C00673DF8 /* Credits.rtf in Resources */ = {isa = PBXBuildFile; fileRef = 112709B014BBA19C00673DF8 /* Credits.rtf */; };
		4F2E613C312752D370A2ABCE /* Pods_Animal_Age_Website.framework in Frameworks */ = {isa = PBXBuildFile; fileRef = A00D65B461457D1B168720D1 /* Pods_Animal_Age_Website.framework */; };
		C75B1E0C1D87BF801F21C2B1 /* Pods_Animal_Age.framework in Frameworks */ = {isa = PBXBuildFile; fileRef = 079E0036C9DD89B4D70A50E8 /* Pods_Animal_Age.framework */; };
		FC071D2622B5B7FC00212CF3 /* WindowController.swift in Sources */ = {isa = PBXBuildFile; fileRef = FC071D2522B5B7FC00212CF3 /* WindowController.swift */; };
		FC071D2922B5BA5300212CF3 /* TopBar.swift in Sources */ = {isa = PBXBuildFile; fileRef = FC071D2822B5BA5300212CF3 /* TopBar.swift */; };
		FC071D2A22B5BAEA00212CF3 /* TopBar.swift in Sources */ = {isa = PBXBuildFile; fileRef = FC071D2822B5BA5300212CF3 /* TopBar.swift */; };
		FC071D2B22B5BAEE00212CF3 /* WindowController.swift in Sources */ = {isa = PBXBuildFile; fileRef = FC071D2522B5B7FC00212CF3 /* WindowController.swift */; };
		FC071D2D22B5BF4800212CF3 /* Dog.swift in Sources */ = {isa = PBXBuildFile; fileRef = FC071D2C22B5BF4800212CF3 /* Dog.swift */; };
		FC071D2E22B5BFB500212CF3 /* Dog.swift in Sources */ = {isa = PBXBuildFile; fileRef = FC071D2C22B5BF4800212CF3 /* Dog.swift */; };
		FC0C0862181D1A7E00E34270 /* WebKit.framework in Frameworks */ = {isa = PBXBuildFile; fileRef = 111AECBD14BF842F00653A12 /* WebKit.framework */; };
		FC0C0863181D1A7E00E34270 /* Cocoa.framework in Frameworks */ = {isa = PBXBuildFile; fileRef = 112709A114BBA19C00673DF8 /* Cocoa.framework */; };
		FC0C0865181D1A7E00E34270 /* InfoPlist.strings in Resources */ = {isa = PBXBuildFile; fileRef = 112709AA14BBA19C00673DF8 /* InfoPlist.strings */; };
		FC0C0866181D1A7E00E34270 /* Credits.rtf in Resources */ = {isa = PBXBuildFile; fileRef = 112709B014BBA19C00673DF8 /* Credits.rtf */; };
		FC237EFD18A84B3500F16FB8 /* QuartzCore.framework in Frameworks */ = {isa = PBXBuildFile; fileRef = FC70429418A1FC9B00BA87E7 /* QuartzCore.framework */; };
		FC4949721FB8FE0200E9B1BB /* icon.icns in Resources */ = {isa = PBXBuildFile; fileRef = FC4949711FB8FE0200E9B1BB /* icon.icns */; };
		FC4949731FB8FE0F00E9B1BB /* icon.icns in Resources */ = {isa = PBXBuildFile; fileRef = FC4949711FB8FE0200E9B1BB /* icon.icns */; };
		FC58C41319EB26F200547C23 /* Images.xcassets in Resources */ = {isa = PBXBuildFile; fileRef = FC9D8CFF19E4D059007A1781 /* Images.xcassets */; };
		FC58C44119EB2BF500547C23 /* main.m in Sources */ = {isa = PBXBuildFile; fileRef = FC58C44019EB2BF500547C23 /* main.m */; };
		FC58C44219EB2BF500547C23 /* main.m in Sources */ = {isa = PBXBuildFile; fileRef = FC58C44019EB2BF500547C23 /* main.m */; };
		FC58C44519EB2C1900547C23 /* index.html in Resources */ = {isa = PBXBuildFile; fileRef = FC58C44319EB2C1900547C23 /* index.html */; };
		FC58C44619EB2C1900547C23 /* index.html in Resources */ = {isa = PBXBuildFile; fileRef = FC58C44319EB2C1900547C23 /* index.html */; };
		FC58C44719EB2C1900547C23 /* jquery-1.7.1.min.js in Resources */ = {isa = PBXBuildFile; fileRef = FC58C44419EB2C1900547C23 /* jquery-1.7.1.min.js */; };
		FC58C44819EB2C1900547C23 /* jquery-1.7.1.min.js in Resources */ = {isa = PBXBuildFile; fileRef = FC58C44419EB2C1900547C23 /* jquery-1.7.1.min.js */; };
		FC70429518A1FC9B00BA87E7 /* QuartzCore.framework in Frameworks */ = {isa = PBXBuildFile; fileRef = FC70429418A1FC9B00BA87E7 /* QuartzCore.framework */; };
		FC77FD3E22B5F9C7009C8239 /* AppDelegate.swift in Sources */ = {isa = PBXBuildFile; fileRef = FC77FD3D22B5F9C7009C8239 /* AppDelegate.swift */; };
		FC77FD3F22B5F9C7009C8239 /* AppDelegate.swift in Sources */ = {isa = PBXBuildFile; fileRef = FC77FD3D22B5F9C7009C8239 /* AppDelegate.swift */; };
		FC8225AE19E4D82E00557F22 /* MainMenuWeb.xib in Resources */ = {isa = PBXBuildFile; fileRef = FC9D8D0519E4D0AB007A1781 /* MainMenuWeb.xib */; };
		FC8225BB19E4E46900557F22 /* SystemConfiguration.framework in Frameworks */ = {isa = PBXBuildFile; fileRef = FC8225BA19E4E46900557F22 /* SystemConfiguration.framework */; };
		FC8225BD19E4E63000557F22 /* SystemConfiguration.framework in Frameworks */ = {isa = PBXBuildFile; fileRef = FC8225BA19E4E46900557F22 /* SystemConfiguration.framework */; };
		FC9D8D0019E4D059007A1781 /* Images.xcassets in Resources */ = {isa = PBXBuildFile; fileRef = FC9D8CFF19E4D059007A1781 /* Images.xcassets */; };
		FC9D8D0419E4D076007A1781 /* MainMenu.xib in Resources */ = {isa = PBXBuildFile; fileRef = FC9D8D0319E4D076007A1781 /* MainMenu.xib */; };
		FCDAAFF4181D1D11000128E1 /* Security.framework in Frameworks */ = {isa = PBXBuildFile; fileRef = FCDAAFF3181D1D11000128E1 /* Security.framework */; };
		FCDAAFF5181D1D19000128E1 /* Security.framework in Frameworks */ = {isa = PBXBuildFile; fileRef = FCDAAFF3181D1D11000128E1 /* Security.framework */; };
		FCDAAFFD181DB207000128E1 /* dsa_pub.pem in Resources */ = {isa = PBXBuildFile; fileRef = FCDAAFFC181DB207000128E1 /* dsa_pub.pem */; };
		FCEA8B0619EB2C7500D00340 /* Animal Age.entitlements in Resources */ = {isa = PBXBuildFile; fileRef = FC58C41719EB2AD700547C23 /* Animal Age.entitlements */; };
/* End PBXBuildFile section */

/* Begin PBXCopyFilesBuildPhase section */
		1170472521705D54003AB11D /* Embed Frameworks */ = {
			isa = PBXCopyFilesBuildPhase;
			buildActionMask = 2147483647;
			dstPath = "";
			dstSubfolderSpec = 10;
			files = (
			);
			name = "Embed Frameworks";
			runOnlyForDeploymentPostprocessing = 0;
		};
		FCE527191E5D43B200BA0687 /* Embed App Extensions */ = {
			isa = PBXCopyFilesBuildPhase;
			buildActionMask = 2147483647;
			dstPath = "";
			dstSubfolderSpec = 13;
			files = (
			);
			name = "Embed App Extensions";
			runOnlyForDeploymentPostprocessing = 0;
		};
		FCF3D7261E77A764004A8525 /* CopyFiles */ = {
			isa = PBXCopyFilesBuildPhase;
			buildActionMask = 2147483647;
			dstPath = "";
			dstSubfolderSpec = 10;
			files = (
			);
			runOnlyForDeploymentPostprocessing = 0;
		};
/* End PBXCopyFilesBuildPhase section */

/* Begin PBXFileReference section */
		079E0036C9DD89B4D70A50E8 /* Pods_Animal_Age.framework */ = {isa = PBXFileReference; explicitFileType = wrapper.framework; includeInIndex = 0; path = Pods_Animal_Age.framework; sourceTree = BUILT_PRODUCTS_DIR; };
		0DA5632DF90F9836F79B2576 /* Pods-Animal Age.debug.xcconfig */ = {isa = PBXFileReference; includeInIndex = 1; lastKnownFileType = text.xcconfig; name = "Pods-Animal Age.debug.xcconfig"; path = "Target Support Files/Pods-Animal Age/Pods-Animal Age.debug.xcconfig"; sourceTree = "<group>"; };
		111AECBD14BF842F00653A12 /* WebKit.framework */ = {isa = PBXFileReference; lastKnownFileType = wrapper.framework; name = WebKit.framework; path = System/Library/Frameworks/WebKit.framework; sourceTree = SDKROOT; };
		1127099D14BBA19C00673DF8 /* Animal Age.app */ = {isa = PBXFileReference; explicitFileType = wrapper.application; includeInIndex = 0; path = "Animal Age.app"; sourceTree = BUILT_PRODUCTS_DIR; };
		112709A114BBA19C00673DF8 /* Cocoa.framework */ = {isa = PBXFileReference; lastKnownFileType = wrapper.framework; name = Cocoa.framework; path = System/Library/Frameworks/Cocoa.framework; sourceTree = SDKROOT; };
		112709A414BBA19C00673DF8 /* AppKit.framework */ = {isa = PBXFileReference; lastKnownFileType = wrapper.framework; name = AppKit.framework; path = System/Library/Frameworks/AppKit.framework; sourceTree = SDKROOT; };
		112709A514BBA19C00673DF8 /* CoreData.framework */ = {isa = PBXFileReference; lastKnownFileType = wrapper.framework; name = CoreData.framework; path = System/Library/Frameworks/CoreData.framework; sourceTree = SDKROOT; };
		112709A614BBA19C00673DF8 /* Foundation.framework */ = {isa = PBXFileReference; lastKnownFileType = wrapper.framework; name = Foundation.framework; path = System/Library/Frameworks/Foundation.framework; sourceTree = SDKROOT; };
		112709AB14BBA19C00673DF8 /* en */ = {isa = PBXFileReference; lastKnownFileType = text.plist.strings; name = en; path = en.lproj/InfoPlist.strings; sourceTree = "<group>"; };
		112709B114BBA19C00673DF8 /* en */ = {isa = PBXFileReference; lastKnownFileType = text.rtf; name = en; path = en.lproj/Credits.rtf; sourceTree = "<group>"; };
		517AD00D07C442459A2AA176 /* Pods-Animal Age Website.debug.xcconfig */ = {isa = PBXFileReference; includeInIndex = 1; lastKnownFileType = text.xcconfig; name = "Pods-Animal Age Website.debug.xcconfig"; path = "Target Support Files/Pods-Animal Age Website/Pods-Animal Age Website.debug.xcconfig"; sourceTree = "<group>"; };
		A00D65B461457D1B168720D1 /* Pods_Animal_Age_Website.framework */ = {isa = PBXFileReference; explicitFileType = wrapper.framework; includeInIndex = 0; path = Pods_Animal_Age_Website.framework; sourceTree = BUILT_PRODUCTS_DIR; };
		DC8130DE9063947495602FD2 /* Pods-Animal Age Website.release.xcconfig */ = {isa = PBXFileReference; includeInIndex = 1; lastKnownFileType = text.xcconfig; name = "Pods-Animal Age Website.release.xcconfig"; path = "Target Support Files/Pods-Animal Age Website/Pods-Animal Age Website.release.xcconfig"; sourceTree = "<group>"; };
		FC071D2522B5B7FC00212CF3 /* WindowController.swift */ = {isa = PBXFileReference; lastKnownFileType = sourcecode.swift; path = WindowController.swift; sourceTree = "<group>"; };
		FC071D2822B5BA5300212CF3 /* TopBar.swift */ = {isa = PBXFileReference; lastKnownFileType = sourcecode.swift; path = TopBar.swift; sourceTree = "<group>"; };
		FC071D2C22B5BF4800212CF3 /* Dog.swift */ = {isa = PBXFileReference; lastKnownFileType = sourcecode.swift; path = Dog.swift; sourceTree = "<group>"; };
		FC0C088F181D1A7E00E34270 /* Animal Age.app */ = {isa = PBXFileReference; explicitFileType = wrapper.application; includeInIndex = 0; path = "Animal Age.app"; sourceTree = BUILT_PRODUCTS_DIR; };
		FC4949711FB8FE0200E9B1BB /* icon.icns */ = {isa = PBXFileReference; lastKnownFileType = image.icns; path = icon.icns; sourceTree = "<group>"; };
		FC58C41719EB2AD700547C23 /* Animal Age.entitlements */ = {isa = PBXFileReference; lastKnownFileType = text.plist.entitlements; path = "Animal Age.entitlements"; sourceTree = "<group>"; };
		FC58C43819EB2BC900547C23 /* Animal Age-Info.plist */ = {isa = PBXFileReference; fileEncoding = 4; lastKnownFileType = text.plist.xml; name = "Animal Age-Info.plist"; path = "plist/Animal Age-Info.plist"; sourceTree = "<group>"; };
		FC58C43919EB2BC900547C23 /* Dog Age-Info.plist */ = {isa = PBXFileReference; fileEncoding = 4; lastKnownFileType = text.plist.xml; name = "Dog Age-Info.plist"; path = "plist/Dog Age-Info.plist"; sourceTree = "<group>"; };
		FC58C44019EB2BF500547C23 /* main.m */ = {isa = PBXFileReference; fileEncoding = 4; lastKnownFileType = sourcecode.c.objc; name = main.m; path = classes/main.m; sourceTree = "<group>"; };
		FC58C44319EB2C1900547C23 /* index.html */ = {isa = PBXFileReference; fileEncoding = 4; lastKnownFileType = text.html; name = index.html; path = htdocs/index.html; sourceTree = "<group>"; };
		FC58C44419EB2C1900547C23 /* jquery-1.7.1.min.js */ = {isa = PBXFileReference; fileEncoding = 4; lastKnownFileType = sourcecode.javascript; name = "jquery-1.7.1.min.js"; path = "htdocs/jquery-1.7.1.min.js"; sourceTree = "<group>"; };
		FC70429418A1FC9B00BA87E7 /* QuartzCore.framework */ = {isa = PBXFileReference; lastKnownFileType = wrapper.framework; name = QuartzCore.framework; path = System/Library/Frameworks/QuartzCore.framework; sourceTree = SDKROOT; };
		FC77FD3D22B5F9C7009C8239 /* AppDelegate.swift */ = {isa = PBXFileReference; lastKnownFileType = sourcecode.swift; path = AppDelegate.swift; sourceTree = "<group>"; };
		FC8225BA19E4E46900557F22 /* SystemConfiguration.framework */ = {isa = PBXFileReference; lastKnownFileType = wrapper.framework; name = SystemConfiguration.framework; path = System/Library/Frameworks/SystemConfiguration.framework; sourceTree = SDKROOT; };
		FC9D8CFF19E4D059007A1781 /* Images.xcassets */ = {isa = PBXFileReference; lastKnownFileType = folder.assetcatalog; path = Images.xcassets; sourceTree = "<group>"; };
		FC9D8D0319E4D076007A1781 /* MainMenu.xib */ = {isa = PBXFileReference; fileEncoding = 4; lastKnownFileType = file.xib; path = MainMenu.xib; sourceTree = "<group>"; };
		FC9D8D0519E4D0AB007A1781 /* MainMenuWeb.xib */ = {isa = PBXFileReference; fileEncoding = 4; lastKnownFileType = file.xib; path = MainMenuWeb.xib; sourceTree = "<group>"; };
		FCAE348A1B841F5300956348 /* Animal Age-Bridging-Header.h */ = {isa = PBXFileReference; lastKnownFileType = sourcecode.c.h; path = "Animal Age-Bridging-Header.h"; sourceTree = "<group>"; };
		FCB1B20C22B60AEB00762AFD /* Dog Age-Prefix.pch */ = {isa = PBXFileReference; lastKnownFileType = sourcecode.c.h; name = "Dog Age-Prefix.pch"; path = "/Users/jon/GIT/OBJ-C/Animal Age/DogAge/Dog Age/Dog Age-Prefix.pch"; sourceTree = "<absolute>"; };
		FCDAAFF3181D1D11000128E1 /* Security.framework */ = {isa = PBXFileReference; lastKnownFileType = wrapper.framework; name = Security.framework; path = System/Library/Frameworks/Security.framework; sourceTree = SDKROOT; };
		FCDAAFFC181DB207000128E1 /* dsa_pub.pem */ = {isa = PBXFileReference; fileEncoding = 4; lastKnownFileType = text; path = dsa_pub.pem; sourceTree = "<group>"; };
		FCE2DC6922B621C500886755 /* dsa_pub.pem */ = {isa = PBXFileReference; lastKnownFileType = text; name = dsa_pub.pem; path = ../dsa_pub.pem; sourceTree = "<group>"; };
		FCE527041E5D43B100BA0687 /* NotificationCenter.framework */ = {isa = PBXFileReference; lastKnownFileType = wrapper.framework; name = NotificationCenter.framework; path = System/Library/Frameworks/NotificationCenter.framework; sourceTree = SDKROOT; };
		FD8925E021E6F567B6E20C30 /* Pods-Animal Age.release.xcconfig */ = {isa = PBXFileReference; includeInIndex = 1; lastKnownFileType = text.xcconfig; name = "Pods-Animal Age.release.xcconfig"; path = "Target Support Files/Pods-Animal Age/Pods-Animal Age.release.xcconfig"; sourceTree = "<group>"; };
/* End PBXFileReference section */

/* Begin PBXFrameworksBuildPhase section */
		1127099A14BBA19C00673DF8 /* Frameworks */ = {
			isa = PBXFrameworksBuildPhase;
			buildActionMask = 2147483647;
			files = (
				FC8225BD19E4E63000557F22 /* SystemConfiguration.framework in Frameworks */,
				FC70429518A1FC9B00BA87E7 /* QuartzCore.framework in Frameworks */,
				FCDAAFF4181D1D11000128E1 /* Security.framework in Frameworks */,
				111AECBE14BF842F00653A12 /* WebKit.framework in Frameworks */,
				112709A214BBA19C00673DF8 /* Cocoa.framework in Frameworks */,
				C75B1E0C1D87BF801F21C2B1 /* Pods_Animal_Age.framework in Frameworks */,
			);
			runOnlyForDeploymentPostprocessing = 0;
		};
		FC0C0861181D1A7E00E34270 /* Frameworks */ = {
			isa = PBXFrameworksBuildPhase;
			buildActionMask = 2147483647;
			files = (
				FC0C0862181D1A7E00E34270 /* WebKit.framework in Frameworks */,
				FC8225BB19E4E46900557F22 /* SystemConfiguration.framework in Frameworks */,
				FC237EFD18A84B3500F16FB8 /* QuartzCore.framework in Frameworks */,
				FCDAAFF5181D1D19000128E1 /* Security.framework in Frameworks */,
				FC0C0863181D1A7E00E34270 /* Cocoa.framework in Frameworks */,
				4F2E613C312752D370A2ABCE /* Pods_Animal_Age_Website.framework in Frameworks */,
			);
			runOnlyForDeploymentPostprocessing = 0;
		};
/* End PBXFrameworksBuildPhase section */

/* Begin PBXGroup section */
		1127099214BBA19C00673DF8 = {
			isa = PBXGroup;
			children = (
				FC58C41719EB2AD700547C23 /* Animal Age.entitlements */,
				112709A714BBA19C00673DF8 /* Dog Age */,
				112709A014BBA19C00673DF8 /* Frameworks */,
				1127099E14BBA19C00673DF8 /* Products */,
				4DBB261DA484DBBBE69DB4AD /* Pods */,
			);
			sourceTree = "<group>";
		};
		1127099E14BBA19C00673DF8 /* Products */ = {
			isa = PBXGroup;
			children = (
				1127099D14BBA19C00673DF8 /* Animal Age.app */,
				FC0C088F181D1A7E00E34270 /* Animal Age.app */,
			);
			name = Products;
			sourceTree = "<group>";
		};
		112709A014BBA19C00673DF8 /* Frameworks */ = {
			isa = PBXGroup;
			children = (
				FC8225BA19E4E46900557F22 /* SystemConfiguration.framework */,
				FC70429418A1FC9B00BA87E7 /* QuartzCore.framework */,
				FCDAAFF3181D1D11000128E1 /* Security.framework */,
				111AECBD14BF842F00653A12 /* WebKit.framework */,
				112709A114BBA19C00673DF8 /* Cocoa.framework */,
				FCE527041E5D43B100BA0687 /* NotificationCenter.framework */,
				112709A314BBA19C00673DF8 /* Other Frameworks */,
				079E0036C9DD89B4D70A50E8 /* Pods_Animal_Age.framework */,
				A00D65B461457D1B168720D1 /* Pods_Animal_Age_Website.framework */,
			);
			name = Frameworks;
			sourceTree = "<group>";
		};
		112709A314BBA19C00673DF8 /* Other Frameworks */ = {
			isa = PBXGroup;
			children = (
				112709A414BBA19C00673DF8 /* AppKit.framework */,
				112709A514BBA19C00673DF8 /* CoreData.framework */,
				112709A614BBA19C00673DF8 /* Foundation.framework */,
			);
			name = "Other Frameworks";
			sourceTree = "<group>";
		};
		112709A714BBA19C00673DF8 /* Dog Age */ = {
			isa = PBXGroup;
			children = (
				FCB1B20C22B60AEB00762AFD /* Dog Age-Prefix.pch */,
				FCEFEABC18B16F93008B33B8 /* Classes */,
				FC7D32F816DC847A00689DC8 /* resources */,
				11C3EE8514BF9C77003C96AE /* htdocs */,
				112709A814BBA19C00673DF8 /* Supporting Files */,
			);
			path = "Dog Age";
			sourceTree = "<group>";
		};
		112709A814BBA19C00673DF8 /* Supporting Files */ = {
			isa = PBXGroup;
			children = (
				FCAE348A1B841F5300956348 /* Animal Age-Bridging-Header.h */,
				FC9D8CFF19E4D059007A1781 /* Images.xcassets */,
				FC58C44019EB2BF500547C23 /* main.m */,
				FC58C43E19EB2BCE00547C23 /* PLIST */,
				112709AA14BBA19C00673DF8 /* InfoPlist.strings */,
				112709B014BBA19C00673DF8 /* Credits.rtf */,
			);
			name = "Supporting Files";
			sourceTree = "<group>";
		};
		11C3EE8514BF9C77003C96AE /* htdocs */ = {
			isa = PBXGroup;
			children = (
				FC4949711FB8FE0200E9B1BB /* icon.icns */,
				FC58C44319EB2C1900547C23 /* index.html */,
				FC58C44419EB2C1900547C23 /* jquery-1.7.1.min.js */,
			);
			name = htdocs;
			sourceTree = "<group>";
		};
		4DBB261DA484DBBBE69DB4AD /* Pods */ = {
			isa = PBXGroup;
			children = (
				0DA5632DF90F9836F79B2576 /* Pods-Animal Age.debug.xcconfig */,
				FD8925E021E6F567B6E20C30 /* Pods-Animal Age.release.xcconfig */,
				517AD00D07C442459A2AA176 /* Pods-Animal Age Website.debug.xcconfig */,
				DC8130DE9063947495602FD2 /* Pods-Animal Age Website.release.xcconfig */,
			);
			path = Pods;
			sourceTree = "<group>";
		};
		FC58C43E19EB2BCE00547C23 /* PLIST */ = {
			isa = PBXGroup;
			children = (
				FC58C43819EB2BC900547C23 /* Animal Age-Info.plist */,
				FC58C43919EB2BC900547C23 /* Dog Age-Info.plist */,
			);
			name = PLIST;
			sourceTree = "<group>";
		};
		FC7D32F816DC847A00689DC8 /* resources */ = {
			isa = PBXGroup;
			children = (
				FCDAAFFC181DB207000128E1 /* dsa_pub.pem */,
				FC9D8D0319E4D076007A1781 /* MainMenu.xib */,
				FC9D8D0519E4D0AB007A1781 /* MainMenuWeb.xib */,
			);
			name = resources;
			sourceTree = "<group>";
		};
		FCEFEABC18B16F93008B33B8 /* Classes */ = {
			isa = PBXGroup;
			children = (
				FCE2DC6922B621C500886755 /* dsa_pub.pem */,
				FC77FD3D22B5F9C7009C8239 /* AppDelegate.swift */,
				FC071D2C22B5BF4800212CF3 /* Dog.swift */,
				FC071D2822B5BA5300212CF3 /* TopBar.swift */,
				FC071D2522B5B7FC00212CF3 /* WindowController.swift */,
			);
			name = Classes;
			sourceTree = "<group>";
		};
/* End PBXGroup section */

/* Begin PBXNativeTarget section */
		1127099C14BBA19C00673DF8 /* Animal Age */ = {
			isa = PBXNativeTarget;
			buildConfigurationList = 112709BB14BBA19D00673DF8 /* Build configuration list for PBXNativeTarget "Animal Age" */;
			buildPhases = (
				56E8D7B8CA8DF0C9006D21B2 /* [CP] Check Pods Manifest.lock */,
				1127099914BBA19C00673DF8 /* Sources */,
				1127099A14BBA19C00673DF8 /* Frameworks */,
				1127099B14BBA19C00673DF8 /* Resources */,
				FCE527191E5D43B200BA0687 /* Embed App Extensions */,
				1170472521705D54003AB11D /* Embed Frameworks */,
				5E4DE22BEA51DF7B6589171D /* [CP] Embed Pods Frameworks */,
			);
			buildRules = (
			);
			dependencies = (
			);
			name = "Animal Age";
			productName = "Dog Age";
			productReference = 1127099D14BBA19C00673DF8 /* Animal Age.app */;
			productType = "com.apple.product-type.application";
		};
		FC0C0857181D1A7E00E34270 /* Animal Age Website */ = {
			isa = PBXNativeTarget;
			buildConfigurationList = FC0C088C181D1A7E00E34270 /* Build configuration list for PBXNativeTarget "Animal Age Website" */;
			buildPhases = (
				A410027703C80B7C42970C7A /* [CP] Check Pods Manifest.lock */,
				FC0C0858181D1A7E00E34270 /* Sources */,
				FC0C0861181D1A7E00E34270 /* Frameworks */,
				FC0C0864181D1A7E00E34270 /* Resources */,
				FCF3D7261E77A764004A8525 /* CopyFiles */,
				2AC478FADF7207D95284C910 /* [CP] Embed Pods Frameworks */,
				FC2108E022B6232F00118262 /* ShellScript */,
			);
			buildRules = (
			);
			dependencies = (
			);
			name = "Animal Age Website";
			productName = "Dog Age";
			productReference = FC0C088F181D1A7E00E34270 /* Animal Age.app */;
			productType = "com.apple.product-type.application";
		};
/* End PBXNativeTarget section */

/* Begin PBXProject section */
		1127099414BBA19C00673DF8 /* Project object */ = {
			isa = PBXProject;
			attributes = {
				LastSwiftUpdateCheck = 0720;
				LastUpgradeCheck = 1020;
				ORGANIZATIONNAME = JBD;
				TargetAttributes = {
					1127099C14BBA19C00673DF8 = {
						DevelopmentTeam = 2D4Z7WQ7RS;
						LastSwiftMigration = 0910;
						SystemCapabilities = {
							com.apple.Sandbox = {
								enabled = 1;
							};
						};
					};
					FC0C0857181D1A7E00E34270 = {
						DevelopmentTeam = 2D4Z7WQ7RS;
						ProvisioningStyle = Automatic;
						SystemCapabilities = {
							com.apple.HardenedRuntime = {
								enabled = 1;
							};
							com.apple.InAppPurchase = {
								enabled = 0;
							};
							com.apple.Sandbox = {
								enabled = 0;
							};
						};
					};
				};
			};
			buildConfigurationList = 1127099714BBA19C00673DF8 /* Build configuration list for PBXProject "Dog Age" */;
			compatibilityVersion = "Xcode 3.2";
			developmentRegion = en;
			hasScannedForEncodings = 0;
			knownRegions = (
				en,
				ja,
				Base,
			);
			mainGroup = 1127099214BBA19C00673DF8;
			productRefGroup = 1127099E14BBA19C00673DF8 /* Products */;
			projectDirPath = "";
			projectRoot = "";
			targets = (
				1127099C14BBA19C00673DF8 /* Animal Age */,
				FC0C0857181D1A7E00E34270 /* Animal Age Website */,
			);
		};
/* End PBXProject section */

/* Begin PBXResourcesBuildPhase section */
		1127099B14BBA19C00673DF8 /* Resources */ = {
			isa = PBXResourcesBuildPhase;
			buildActionMask = 2147483647;
			files = (
				112709AC14BBA19C00673DF8 /* InfoPlist.strings in Resources */,
				112709B214BBA19C00673DF8 /* Credits.rtf in Resources */,
				FCEA8B0619EB2C7500D00340 /* Animal Age.entitlements in Resources */,
				FC58C44519EB2C1900547C23 /* index.html in Resources */,
				FC58C44719EB2C1900547C23 /* jquery-1.7.1.min.js in Resources */,
				FC4949721FB8FE0200E9B1BB /* icon.icns in Resources */,
				FC9D8D0019E4D059007A1781 /* Images.xcassets in Resources */,
				FC9D8D0419E4D076007A1781 /* MainMenu.xib in Resources */,
			);
			runOnlyForDeploymentPostprocessing = 0;
		};
		FC0C0864181D1A7E00E34270 /* Resources */ = {
			isa = PBXResourcesBuildPhase;
			buildActionMask = 2147483647;
			files = (
				FC0C0865181D1A7E00E34270 /* InfoPlist.strings in Resources */,
				FC58C44819EB2C1900547C23 /* jquery-1.7.1.min.js in Resources */,
				FC0C0866181D1A7E00E34270 /* Credits.rtf in Resources */,
				FCDAAFFD181DB207000128E1 /* dsa_pub.pem in Resources */,
				FC8225AE19E4D82E00557F22 /* MainMenuWeb.xib in Resources */,
				FC4949731FB8FE0F00E9B1BB /* icon.icns in Resources */,
				FC58C41319EB26F200547C23 /* Images.xcassets in Resources */,
				FC58C44619EB2C1900547C23 /* index.html in Resources */,
			);
			runOnlyForDeploymentPostprocessing = 0;
		};
/* End PBXResourcesBuildPhase section */

/* Begin PBXShellScriptBuildPhase section */
		2AC478FADF7207D95284C910 /* [CP] Embed Pods Frameworks */ = {
			isa = PBXShellScriptBuildPhase;
			buildActionMask = 2147483647;
			files = (
			);
			inputPaths = (
				"${PODS_ROOT}/Target Support Files/Pods-Animal Age Website/Pods-Animal Age Website-frameworks.sh",
				"${BUILT_PRODUCTS_DIR}/Armchair/Armchair.framework",
				"${PODS_ROOT}/Sparkle/Sparkle.framework",
				"${PODS_ROOT}/Sparkle/Sparkle.framework.dSYM",
			);
			name = "[CP] Embed Pods Frameworks";
			outputPaths = (
				"${TARGET_BUILD_DIR}/${FRAMEWORKS_FOLDER_PATH}/Armchair.framework",
				"${TARGET_BUILD_DIR}/${FRAMEWORKS_FOLDER_PATH}/Sparkle.framework",
				"${DWARF_DSYM_FOLDER_PATH}/Sparkle.framework.dSYM",
			);
			runOnlyForDeploymentPostprocessing = 0;
			shellPath = /bin/sh;
			shellScript = "\"${PODS_ROOT}/Target Support Files/Pods-Animal Age Website/Pods-Animal Age Website-frameworks.sh\"\n";
			showEnvVarsInLog = 0;
		};
		56E8D7B8CA8DF0C9006D21B2 /* [CP] Check Pods Manifest.lock */ = {
			isa = PBXShellScriptBuildPhase;
			buildActionMask = 2147483647;
			files = (
			);
			inputFileListPaths = (
			);
			inputPaths = (
				"${PODS_PODFILE_DIR_PATH}/Podfile.lock",
				"${PODS_ROOT}/Manifest.lock",
			);
			name = "[CP] Check Pods Manifest.lock";
			outputFileListPaths = (
			);
			outputPaths = (
				"$(DERIVED_FILE_DIR)/Pods-Animal Age-checkManifestLockResult.txt",
			);
			runOnlyForDeploymentPostprocessing = 0;
			shellPath = /bin/sh;
			shellScript = "diff \"${PODS_PODFILE_DIR_PATH}/Podfile.lock\" \"${PODS_ROOT}/Manifest.lock\" > /dev/null\nif [ $? != 0 ] ; then\n    # print error to STDERR\n    echo \"error: The sandbox is not in sync with the Podfile.lock. Run 'pod install' or update your CocoaPods installation.\" >&2\n    exit 1\nfi\n# This output is used by Xcode 'outputs' to avoid re-running this script phase.\necho \"SUCCESS\" > \"${SCRIPT_OUTPUT_FILE_0}\"\n";
			showEnvVarsInLog = 0;
		};
		5E4DE22BEA51DF7B6589171D /* [CP] Embed Pods Frameworks */ = {
			isa = PBXShellScriptBuildPhase;
			buildActionMask = 2147483647;
			files = (
			);
			inputPaths = (
				"${PODS_ROOT}/Target Support Files/Pods-Animal Age/Pods-Animal Age-frameworks.sh",
				"${BUILT_PRODUCTS_DIR}/Armchair/Armchair.framework",
			);
			name = "[CP] Embed Pods Frameworks";
			outputPaths = (
				"${TARGET_BUILD_DIR}/${FRAMEWORKS_FOLDER_PATH}/Armchair.framework",
			);
			runOnlyForDeploymentPostprocessing = 0;
			shellPath = /bin/sh;
			shellScript = "\"${PODS_ROOT}/Target Support Files/Pods-Animal Age/Pods-Animal Age-frameworks.sh\"\n";
			showEnvVarsInLog = 0;
		};
		A410027703C80B7C42970C7A /* [CP] Check Pods Manifest.lock */ = {
			isa = PBXShellScriptBuildPhase;
			buildActionMask = 2147483647;
			files = (
			);
			inputFileListPaths = (
			);
			inputPaths = (
				"${PODS_PODFILE_DIR_PATH}/Podfile.lock",
				"${PODS_ROOT}/Manifest.lock",
			);
			name = "[CP] Check Pods Manifest.lock";
			outputFileListPaths = (
			);
			outputPaths = (
				"$(DERIVED_FILE_DIR)/Pods-Animal Age Website-checkManifestLockResult.txt",
			);
			runOnlyForDeploymentPostprocessing = 0;
			shellPath = /bin/sh;
			shellScript = "diff \"${PODS_PODFILE_DIR_PATH}/Podfile.lock\" \"${PODS_ROOT}/Manifest.lock\" > /dev/null\nif [ $? != 0 ] ; then\n    # print error to STDERR\n    echo \"error: The sandbox is not in sync with the Podfile.lock. Run 'pod install' or update your CocoaPods installation.\" >&2\n    exit 1\nfi\n# This output is used by Xcode 'outputs' to avoid re-running this script phase.\necho \"SUCCESS\" > \"${SCRIPT_OUTPUT_FILE_0}\"\n";
			showEnvVarsInLog = 0;
		};
		FC2108E022B6232F00118262 /* ShellScript */ = {
			isa = PBXShellScriptBuildPhase;
			buildActionMask = 2147483647;
			files = (
			);
			inputFileListPaths = (
			);
			inputPaths = (
			);
			outputFileListPaths = (
			);
			outputPaths = (
			);
			runOnlyForDeploymentPostprocessing = 0;
			shellPath = /bin/sh;
			shellScript = "LOCATION=\"${BUILT_PRODUCTS_DIR}\"/\"${FRAMEWORKS_FOLDER_PATH}\"\n\n# By default, use the configured code signing identity for the project/target\nIDENTITY=\"${CODE_SIGN_IDENTITY}\"\nif [ \"$IDENTITY\" == \"\" ]\nthen\n    # If a code signing identity is not specified, use ad hoc signing\n    IDENTITY=\"-\"\nfi\ncodesign --verbose --force --deep -o runtime --sign \"$IDENTITY\" \"$LOCATION/Sparkle.framework/Versions/A/Resources/AutoUpdate.app\"\ncodesign --verbose --force -o runtime --sign \"$IDENTITY\" \"$LOCATION/Sparkle.framework/Versions/A\"\n";
		};
/* End PBXShellScriptBuildPhase section */

/* Begin PBXSourcesBuildPhase section */
		1127099914BBA19C00673DF8 /* Sources */ = {
			isa = PBXSourcesBuildPhase;
			buildActionMask = 2147483647;
			files = (
				FC77FD3E22B5F9C7009C8239 /* AppDelegate.swift in Sources */,
				FC58C44119EB2BF500547C23 /* main.m in Sources */,
				FC071D2922B5BA5300212CF3 /* TopBar.swift in Sources */,
				FC071D2622B5B7FC00212CF3 /* WindowController.swift in Sources */,
				FC071D2D22B5BF4800212CF3 /* Dog.swift in Sources */,
			);
			runOnlyForDeploymentPostprocessing = 0;
		};
		FC0C0858181D1A7E00E34270 /* Sources */ = {
			isa = PBXSourcesBuildPhase;
			buildActionMask = 2147483647;
			files = (
				FC77FD3F22B5F9C7009C8239 /* AppDelegate.swift in Sources */,
				FC071D2A22B5BAEA00212CF3 /* TopBar.swift in Sources */,
				FC071D2E22B5BFB500212CF3 /* Dog.swift in Sources */,
				FC58C44219EB2BF500547C23 /* main.m in Sources */,
				FC071D2B22B5BAEE00212CF3 /* WindowController.swift in Sources */,
			);
			runOnlyForDeploymentPostprocessing = 0;
		};
/* End PBXSourcesBuildPhase section */

/* Begin PBXVariantGroup section */
		112709AA14BBA19C00673DF8 /* InfoPlist.strings */ = {
			isa = PBXVariantGroup;
			children = (
				112709AB14BBA19C00673DF8 /* en */,
			);
			name = InfoPlist.strings;
			sourceTree = "<group>";
		};
		112709B014BBA19C00673DF8 /* Credits.rtf */ = {
			isa = PBXVariantGroup;
			children = (
				112709B114BBA19C00673DF8 /* en */,
			);
			name = Credits.rtf;
			sourceTree = "<group>";
		};
/* End PBXVariantGroup section */

/* Begin XCBuildConfiguration section */
		112709B914BBA19D00673DF8 /* Debug */ = {
			isa = XCBuildConfiguration;
			buildSettings = {
				ALWAYS_SEARCH_USER_PATHS = NO;
				CLANG_ANALYZER_LOCALIZABILITY_NONLOCALIZED = YES;
				CLANG_WARN_BLOCK_CAPTURE_AUTORELEASING = YES;
				CLANG_WARN_BOOL_CONVERSION = YES;
				CLANG_WARN_COMMA = YES;
				CLANG_WARN_CONSTANT_CONVERSION = YES;
				CLANG_WARN_DEPRECATED_OBJC_IMPLEMENTATIONS = YES;
				CLANG_WARN_EMPTY_BODY = YES;
				CLANG_WARN_ENUM_CONVERSION = YES;
				CLANG_WARN_INFINITE_RECURSION = YES;
				CLANG_WARN_INT_CONVERSION = YES;
				CLANG_WARN_NON_LITERAL_NULL_CONVERSION = YES;
				CLANG_WARN_OBJC_IMPLICIT_RETAIN_SELF = YES;
				CLANG_WARN_OBJC_LITERAL_CONVERSION = YES;
				CLANG_WARN_RANGE_LOOP_ANALYSIS = YES;
				CLANG_WARN_STRICT_PROTOTYPES = YES;
				CLANG_WARN_SUSPICIOUS_MOVE = YES;
				CLANG_WARN_UNREACHABLE_CODE = YES;
				CLANG_WARN__DUPLICATE_METHOD_MATCH = YES;
				COPY_PHASE_STRIP = NO;
				ENABLE_STRICT_OBJC_MSGSEND = YES;
				ENABLE_TESTABILITY = YES;
				GCC_C_LANGUAGE_STANDARD = gnu99;
				GCC_DYNAMIC_NO_PIC = NO;
				GCC_ENABLE_OBJC_EXCEPTIONS = YES;
				GCC_NO_COMMON_BLOCKS = YES;
				GCC_OPTIMIZATION_LEVEL = 0;
				GCC_PREPROCESSOR_DEFINITIONS = (
					"DEBUG=1",
					"$(inherited)",
				);
				GCC_SYMBOLS_PRIVATE_EXTERN = NO;
				GCC_VERSION = com.apple.compilers.llvm.clang.1_0;
				GCC_WARN_64_TO_32_BIT_CONVERSION = YES;
				GCC_WARN_ABOUT_MISSING_PROTOTYPES = YES;
				GCC_WARN_ABOUT_RETURN_TYPE = YES;
				GCC_WARN_UNDECLARED_SELECTOR = YES;
				GCC_WARN_UNINITIALIZED_AUTOS = YES;
				GCC_WARN_UNUSED_FUNCTION = YES;
				GCC_WARN_UNUSED_VARIABLE = YES;
				MACOSX_DEPLOYMENT_TARGET = 10.14;
				ONLY_ACTIVE_ARCH = YES;
				SDKROOT = macosx;
				SWIFT_SWIFT3_OBJC_INFERENCE = Default;
			};
			name = Debug;
		};
		112709BA14BBA19D00673DF8 /* Release */ = {
			isa = XCBuildConfiguration;
			buildSettings = {
				ALWAYS_SEARCH_USER_PATHS = NO;
				CLANG_ANALYZER_LOCALIZABILITY_NONLOCALIZED = YES;
				CLANG_WARN_BLOCK_CAPTURE_AUTORELEASING = YES;
				CLANG_WARN_BOOL_CONVERSION = YES;
				CLANG_WARN_COMMA = YES;
				CLANG_WARN_CONSTANT_CONVERSION = YES;
				CLANG_WARN_DEPRECATED_OBJC_IMPLEMENTATIONS = YES;
				CLANG_WARN_EMPTY_BODY = YES;
				CLANG_WARN_ENUM_CONVERSION = YES;
				CLANG_WARN_INFINITE_RECURSION = YES;
				CLANG_WARN_INT_CONVERSION = YES;
				CLANG_WARN_NON_LITERAL_NULL_CONVERSION = YES;
				CLANG_WARN_OBJC_IMPLICIT_RETAIN_SELF = YES;
				CLANG_WARN_OBJC_LITERAL_CONVERSION = YES;
				CLANG_WARN_RANGE_LOOP_ANALYSIS = YES;
				CLANG_WARN_STRICT_PROTOTYPES = YES;
				CLANG_WARN_SUSPICIOUS_MOVE = YES;
				CLANG_WARN_UNREACHABLE_CODE = YES;
				CLANG_WARN__DUPLICATE_METHOD_MATCH = YES;
				COPY_PHASE_STRIP = YES;
				DEBUG_INFORMATION_FORMAT = "dwarf-with-dsym";
				ENABLE_STRICT_OBJC_MSGSEND = YES;
				GCC_C_LANGUAGE_STANDARD = gnu99;
				GCC_ENABLE_OBJC_EXCEPTIONS = YES;
				GCC_NO_COMMON_BLOCKS = YES;
				GCC_VERSION = com.apple.compilers.llvm.clang.1_0;
				GCC_WARN_64_TO_32_BIT_CONVERSION = YES;
				GCC_WARN_ABOUT_MISSING_PROTOTYPES = YES;
				GCC_WARN_ABOUT_RETURN_TYPE = YES;
				GCC_WARN_UNDECLARED_SELECTOR = YES;
				GCC_WARN_UNINITIALIZED_AUTOS = YES;
				GCC_WARN_UNUSED_FUNCTION = YES;
				GCC_WARN_UNUSED_VARIABLE = YES;
				MACOSX_DEPLOYMENT_TARGET = 10.14;
				SDKROOT = macosx;
				SWIFT_OPTIMIZATION_LEVEL = "-Owholemodule";
				SWIFT_SWIFT3_OBJC_INFERENCE = Default;
			};
			name = Release;
		};
		112709BC14BBA19D00673DF8 /* Debug */ = {
			isa = XCBuildConfiguration;
			baseConfigurationReference = 0DA5632DF90F9836F79B2576 /* Pods-Animal Age.debug.xcconfig */;
			buildSettings = {
				ALWAYS_EMBED_SWIFT_STANDARD_LIBRARIES = NO;
				ASSETCATALOG_COMPILER_APPICON_NAME = AppIcon;
				CLANG_ENABLE_MODULES = YES;
				CLANG_ENABLE_OBJC_WEAK = YES;
				CLANG_WARN_DIRECT_OBJC_ISA_USAGE = NO;
				CODE_SIGN_ENTITLEMENTS = "Animal Age.entitlements";
				CODE_SIGN_IDENTITY = "Mac Developer";
				"CODE_SIGN_IDENTITY[sdk=macosx*]" = "Mac Developer";
				COMBINE_HIDPI_IMAGES = YES;
				CURRENT_PROJECT_VERSION = 8.0.12;
				DEVELOPMENT_TEAM = 2D4Z7WQ7RS;
				ENABLE_HARDENED_RUNTIME = YES;
				FRAMEWORK_SEARCH_PATHS = (
					"$(inherited)",
					"$(PROJECT_DIR)/Dog\\ Age",
					"$(PROJECT_DIR)/Dog\\ Age",
					"$(PROJECT_DIR)/Dog\\ Age",
				);
				GCC_NO_COMMON_BLOCKS = YES;
				GCC_PRECOMPILE_PREFIX_HEADER = YES;
				GCC_PREFIX_HEADER = "Dog Age/Dog Age-Prefix.pch";
				GCC_WARN_ABOUT_DEPRECATED_FUNCTIONS = NO;
				INFOPLIST_FILE = "Dog Age/plist/Dog Age-Info.plist";
				LD_RUNPATH_SEARCH_PATHS = "$(inherited) @executable_path/../Frameworks";
				MACOSX_DEPLOYMENT_TARGET = 10.14;
				MARKETING_VERSION = 8.0.71;
				PRODUCT_BUNDLE_IDENTIFIER = "com.jonbrown.org.${PRODUCT_NAME:rfc1034identifier}";
				PRODUCT_NAME = "$(TARGET_NAME)";
				PROVISIONING_PROFILE = "";
				SWIFT_OBJC_BRIDGING_HEADER = "Dog Age/Animal Age-Bridging-Header.h";
				SWIFT_OPTIMIZATION_LEVEL = "-Onone";
				SWIFT_SWIFT3_OBJC_INFERENCE = Default;
				SWIFT_VERSION = 5.0;
				WRAPPER_EXTENSION = app;
			};
			name = Debug;
		};
		112709BD14BBA19D00673DF8 /* Release */ = {
			isa = XCBuildConfiguration;
			baseConfigurationReference = FD8925E021E6F567B6E20C30 /* Pods-Animal Age.release.xcconfig */;
			buildSettings = {
				ALWAYS_EMBED_SWIFT_STANDARD_LIBRARIES = NO;
				ASSETCATALOG_COMPILER_APPICON_NAME = AppIcon;
				CLANG_ENABLE_MODULES = YES;
				CLANG_ENABLE_OBJC_WEAK = YES;
				CLANG_WARN_DIRECT_OBJC_ISA_USAGE = NO;
				CODE_SIGN_ENTITLEMENTS = "Animal Age.entitlements";
				CODE_SIGN_IDENTITY = "Mac Developer";
				"CODE_SIGN_IDENTITY[sdk=macosx*]" = "Mac Developer";
				COMBINE_HIDPI_IMAGES = YES;
				CURRENT_PROJECT_VERSION = 8.0.12;
				DEVELOPMENT_TEAM = 2D4Z7WQ7RS;
				ENABLE_HARDENED_RUNTIME = YES;
				FRAMEWORK_SEARCH_PATHS = (
					"$(inherited)",
					"$(PROJECT_DIR)/Dog\\ Age",
					"$(PROJECT_DIR)/Dog\\ Age",
					"$(PROJECT_DIR)/Dog\\ Age",
				);
				GCC_NO_COMMON_BLOCKS = YES;
				GCC_PRECOMPILE_PREFIX_HEADER = YES;
				GCC_PREFIX_HEADER = "Dog Age/Dog Age-Prefix.pch";
				GCC_WARN_ABOUT_DEPRECATED_FUNCTIONS = NO;
				INFOPLIST_FILE = "Dog Age/plist/Dog Age-Info.plist";
				LD_RUNPATH_SEARCH_PATHS = "$(inherited) @executable_path/../Frameworks";
				MACOSX_DEPLOYMENT_TARGET = 10.14;
				MARKETING_VERSION = 8.0.71;
				PRODUCT_BUNDLE_IDENTIFIER = "com.jonbrown.org.${PRODUCT_NAME:rfc1034identifier}";
				PRODUCT_NAME = "$(TARGET_NAME)";
				PROVISIONING_PROFILE = "";
				"PROVISIONING_PROFILE[sdk=macosx*]" = "";
				SWIFT_OBJC_BRIDGING_HEADER = "Dog Age/Animal Age-Bridging-Header.h";
				SWIFT_SWIFT3_OBJC_INFERENCE = Default;
				SWIFT_VERSION = 5.0;
				WRAPPER_EXTENSION = app;
			};
			name = Release;
		};
		FC0C088D181D1A7E00E34270 /* Debug */ = {
			isa = XCBuildConfiguration;
			baseConfigurationReference = 517AD00D07C442459A2AA176 /* Pods-Animal Age Website.debug.xcconfig */;
			buildSettings = {
				ASSETCATALOG_COMPILER_APPICON_NAME = AppIcon;
				CLANG_ENABLE_OBJC_WEAK = YES;
				CLANG_WARN_DIRECT_OBJC_ISA_USAGE = NO;
				CODE_SIGN_IDENTITY = "Mac Developer";
				"CODE_SIGN_IDENTITY[sdk=macosx*]" = "Mac Developer";
				CODE_SIGN_STYLE = Automatic;
				COMBINE_HIDPI_IMAGES = YES;
				CURRENT_PROJECT_VERSION = 8.0.7;
				DEVELOPMENT_TEAM = 2D4Z7WQ7RS;
				ENABLE_HARDENED_RUNTIME = YES;
				FRAMEWORK_SEARCH_PATHS = (
					"$(inherited)",
					"$(PROJECT_DIR)",
					"$(PROJECT_DIR)/Dog\\ Age",
				);
				GCC_PRECOMPILE_PREFIX_HEADER = YES;
				GCC_PREFIX_HEADER = "Dog Age/Dog Age-Prefix.pch";
				GCC_PREPROCESSOR_DEFINITIONS = (
					"DEBUG=1",
					"$(inherited)",
					WEBSITE,
				);
				"GCC_PREPROCESSOR_DEFINITIONS[arch=*]" = (
					"DEBUG=1",
					"$(inherited)",
				);
				GCC_WARN_ABOUT_DEPRECATED_FUNCTIONS = NO;
				INFOPLIST_FILE = "$(SRCROOT)/Dog Age/plist/Animal Age-Info.plist";
				LD_RUNPATH_SEARCH_PATHS = "@loader_path/../Frameworks @executable_path/../Frameworks";
				MACOSX_DEPLOYMENT_TARGET = 10.14;
				MARKETING_VERSION = 8.0.7;
				PRODUCT_BUNDLE_IDENTIFIER = "com.jonbrown.org.Animal-Age";
				PRODUCT_NAME = "Animal Age";
				PROVISIONING_PROFILE = "";
				PROVISIONING_PROFILE_SPECIFIER = "";
				SWIFT_VERSION = 5.0;
				WRAPPER_EXTENSION = app;
			};
			name = Debug;
		};
		FC0C088E181D1A7E00E34270 /* Release */ = {
			isa = XCBuildConfiguration;
			baseConfigurationReference = DC8130DE9063947495602FD2 /* Pods-Animal Age Website.release.xcconfig */;
			buildSettings = {
				ASSETCATALOG_COMPILER_APPICON_NAME = AppIcon;
				CLANG_ENABLE_OBJC_WEAK = YES;
				CLANG_WARN_DIRECT_OBJC_ISA_USAGE = NO;
				CODE_SIGN_IDENTITY = "Mac Developer";
				"CODE_SIGN_IDENTITY[sdk=macosx*]" = "Mac Developer";
				CODE_SIGN_STYLE = Automatic;
				COMBINE_HIDPI_IMAGES = YES;
				CURRENT_PROJECT_VERSION = 8.0.7;
				DEVELOPMENT_TEAM = 2D4Z7WQ7RS;
				ENABLE_HARDENED_RUNTIME = YES;
				FRAMEWORK_SEARCH_PATHS = (
					"$(inherited)",
					"$(PROJECT_DIR)",
					"$(PROJECT_DIR)/Dog\\ Age",
				);
				GCC_PRECOMPILE_PREFIX_HEADER = YES;
				GCC_PREFIX_HEADER = "Dog Age/Dog Age-Prefix.pch";
				GCC_PREPROCESSOR_DEFINITIONS = WEBSITE;
				GCC_WARN_ABOUT_DEPRECATED_FUNCTIONS = NO;
				INFOPLIST_FILE = "$(SRCROOT)/Dog Age/plist/Animal Age-Info.plist";
				LD_RUNPATH_SEARCH_PATHS = "@loader_path/../Frameworks @executable_path/../Frameworks";
				MACOSX_DEPLOYMENT_TARGET = 10.14;
				MARKETING_VERSION = 8.0.7;
				PRODUCT_BUNDLE_IDENTIFIER = "com.jonbrown.org.Animal-Age";
				PRODUCT_NAME = "Animal Age";
				PROVISIONING_PROFILE = "";
				"PROVISIONING_PROFILE[sdk=macosx*]" = "";
				PROVISIONING_PROFILE_SPECIFIER = "";
				SWIFT_VERSION = 5.0;
				WRAPPER_EXTENSION = app;
			};
			name = Release;
		};
/* End XCBuildConfiguration section */

/* Begin XCConfigurationList section */
		1127099714BBA19C00673DF8 /* Build configuration list for PBXProject "Dog Age" */ = {
			isa = XCConfigurationList;
			buildConfigurations = (
				112709B914BBA19D00673DF8 /* Debug */,
				112709BA14BBA19D00673DF8 /* Release */,
			);
			defaultConfigurationIsVisible = 0;
			defaultConfigurationName = Release;
		};
		112709BB14BBA19D00673DF8 /* Build configuration list for PBXNativeTarget "Animal Age" */ = {
			isa = XCConfigurationList;
			buildConfigurations = (
				112709BC14BBA19D00673DF8 /* Debug */,
				112709BD14BBA19D00673DF8 /* Release */,
			);
			defaultConfigurationIsVisible = 0;
			defaultConfigurationName = Release;
		};
		FC0C088C181D1A7E00E34270 /* Build configuration list for PBXNativeTarget "Animal Age Website" */ = {
			isa = XCConfigurationList;
			buildConfigurations = (
				FC0C088D181D1A7E00E34270 /* Debug */,
				FC0C088E181D1A7E00E34270 /* Release */,
			);
			defaultConfigurationIsVisible = 0;
			defaultConfigurationName = Release;
		};
/* End XCConfigurationList section */
	};
	rootObject = 1127099414BBA19C00673DF8 /* Project object */;
}
