// !$*UTF8*$!
{
	archiveVersion = 1;
	classes = {
	};
	objectVersion = 46;
	objects = {

/* Begin PBXBuildFile section */
		111AECBE14BF842F00653A12 /* WebKit.framework in Frameworks */ = {isa = PBXBuildFile; fileRef = 111AECBD14BF842F00653A12 /* WebKit.framework */; };
		112709A214BBA19C00673DF8 /* Cocoa.framework in Frameworks */ = {isa = PBXBuildFile; fileRef = 112709A114BBA19C00673DF8 /* Cocoa.framework */; };
		112709AC14BBA19C00673DF8 /* InfoPlist.strings in Resources */ = {isa = PBXBuildFile; fileRef = 112709AA14BBA19C00673DF8 /* InfoPlist.strings */; };
		112709AE14BBA19C00673DF8 /* main.m in Sources */ = {isa = PBXBuildFile; fileRef = 112709AD14BBA19C00673DF8 /* main.m */; };
		112709B214BBA19C00673DF8 /* Credits.rtf in Resources */ = {isa = PBXBuildFile; fileRef = 112709B014BBA19C00673DF8 /* Credits.rtf */; };
		112709B514BBA19C00673DF8 /* AppDelegate.m in Sources */ = {isa = PBXBuildFile; fileRef = 112709B414BBA19C00673DF8 /* AppDelegate.m */; };
		112709C014BBA1C200673DF8 /* Dog.m in Sources */ = {isa = PBXBuildFile; fileRef = 112709BE14BBA1C200673DF8 /* Dog.m */; };
		1142291614BFEE8400B001E3 /* jquery-1.7.1.min.js in Resources */ = {isa = PBXBuildFile; fileRef = 1142291414BFE9D900B001E3 /* jquery-1.7.1.min.js */; };
		11C3EE8314BF8754003C96AE /* index.html in Resources */ = {isa = PBXBuildFile; fileRef = 11C3EE8214BF8754003C96AE /* index.html */; };
		11E58DE114BF6827001E8712 /* topBar.m in Sources */ = {isa = PBXBuildFile; fileRef = 11E58DE014BF6827001E8712 /* topBar.m */; };
		FC0C0859181D1A7E00E34270 /* main.m in Sources */ = {isa = PBXBuildFile; fileRef = 112709AD14BBA19C00673DF8 /* main.m */; };
		FC0C085A181D1A7E00E34270 /* AppDelegate.m in Sources */ = {isa = PBXBuildFile; fileRef = 112709B414BBA19C00673DF8 /* AppDelegate.m */; };
		FC0C085B181D1A7E00E34270 /* Dog.m in Sources */ = {isa = PBXBuildFile; fileRef = 112709BE14BBA1C200673DF8 /* Dog.m */; };
		FC0C085C181D1A7E00E34270 /* topBar.m in Sources */ = {isa = PBXBuildFile; fileRef = 11E58DE014BF6827001E8712 /* topBar.m */; };
		FC0C0860181D1A7E00E34270 /* WindowController.m in Sources */ = {isa = PBXBuildFile; fileRef = FC7D32D816DC767C00689DC8 /* WindowController.m */; };
		FC0C0862181D1A7E00E34270 /* WebKit.framework in Frameworks */ = {isa = PBXBuildFile; fileRef = 111AECBD14BF842F00653A12 /* WebKit.framework */; };
		FC0C0863181D1A7E00E34270 /* Cocoa.framework in Frameworks */ = {isa = PBXBuildFile; fileRef = 112709A114BBA19C00673DF8 /* Cocoa.framework */; };
		FC0C0865181D1A7E00E34270 /* InfoPlist.strings in Resources */ = {isa = PBXBuildFile; fileRef = 112709AA14BBA19C00673DF8 /* InfoPlist.strings */; };
		FC0C0866181D1A7E00E34270 /* Credits.rtf in Resources */ = {isa = PBXBuildFile; fileRef = 112709B014BBA19C00673DF8 /* Credits.rtf */; };
		FC0C0869181D1A7E00E34270 /* jquery-1.7.1.min.js in Resources */ = {isa = PBXBuildFile; fileRef = 1142291414BFE9D900B001E3 /* jquery-1.7.1.min.js */; };
		FC0C0872181D1A7E00E34270 /* index.html in Resources */ = {isa = PBXBuildFile; fileRef = 11C3EE8214BF8754003C96AE /* index.html */; };
		FC0C0895181D1BD600E34270 /* NSString+SymlinksAndAliases.m in Sources */ = {isa = PBXBuildFile; fileRef = FC0C0892181D1BD600E34270 /* NSString+SymlinksAndAliases.m */; };
		FC0C0896181D1BD600E34270 /* NSString+SymlinksAndAliases.m in Sources */ = {isa = PBXBuildFile; fileRef = FC0C0892181D1BD600E34270 /* NSString+SymlinksAndAliases.m */; };
		FC0C0897181D1BD600E34270 /* PFMoveApplication.m in Sources */ = {isa = PBXBuildFile; fileRef = FC0C0894181D1BD600E34270 /* PFMoveApplication.m */; };
		FC0C0898181D1BD600E34270 /* PFMoveApplication.m in Sources */ = {isa = PBXBuildFile; fileRef = FC0C0894181D1BD600E34270 /* PFMoveApplication.m */; };
		FC1D217819E4D1A6003B3FEB /* OpenFeedback.framework in Frameworks */ = {isa = PBXBuildFile; fileRef = FC1D217519E4D12A003B3FEB /* OpenFeedback.framework */; };
		FC237EFD18A84B3500F16FB8 /* QuartzCore.framework in Frameworks */ = {isa = PBXBuildFile; fileRef = FC70429418A1FC9B00BA87E7 /* QuartzCore.framework */; };
		FC70429518A1FC9B00BA87E7 /* QuartzCore.framework in Frameworks */ = {isa = PBXBuildFile; fileRef = FC70429418A1FC9B00BA87E7 /* QuartzCore.framework */; };
		FC7422AE19E1EB3900C9A2D6 /* Reset@2x.png in Resources */ = {isa = PBXBuildFile; fileRef = FC7422AD19E1EB3900C9A2D6 /* Reset@2x.png */; };
		FC7422B019E1EC3000C9A2D6 /* Opposite_Arrows@2x.png in Resources */ = {isa = PBXBuildFile; fileRef = FC7422AF19E1EC3000C9A2D6 /* Opposite_Arrows@2x.png */; };
		FC7422B219E1ECCD00C9A2D6 /* Contact@2x.png in Resources */ = {isa = PBXBuildFile; fileRef = FC7422B119E1ECCD00C9A2D6 /* Contact@2x.png */; };
		FC7D32D916DC767C00689DC8 /* WindowController.m in Sources */ = {isa = PBXBuildFile; fileRef = FC7D32D816DC767C00689DC8 /* WindowController.m */; };
		FC8225A819E4D3BB00557F22 /* Sparkle.framework in Resources */ = {isa = PBXBuildFile; fileRef = FC1D217319E4D104003B3FEB /* Sparkle.framework */; };
		FC8225AA19E4D57800557F22 /* OpenFeedback.framework in Resources */ = {isa = PBXBuildFile; fileRef = FC1D217519E4D12A003B3FEB /* OpenFeedback.framework */; };
		FC8225AB19E4D59E00557F22 /* AMDarkButtonCell.m in Sources */ = {isa = PBXBuildFile; fileRef = FC85597219E25BEF00F18EAD /* AMDarkButtonCell.m */; };
		FC8225AD19E4D6E100557F22 /* Sparkle.framework in Frameworks */ = {isa = PBXBuildFile; fileRef = FC1D217319E4D104003B3FEB /* Sparkle.framework */; };
		FC8225AE19E4D82E00557F22 /* MainMenuWeb.xib in Resources */ = {isa = PBXBuildFile; fileRef = FC9D8D0519E4D0AB007A1781 /* MainMenuWeb.xib */; };
		FC8225AF19E4D87500557F22 /* iTunesArtwork@2x.icns in Resources */ = {isa = PBXBuildFile; fileRef = FC9D8D0119E4D068007A1781 /* iTunesArtwork@2x.icns */; };
		FC8225B019E4D8A400557F22 /* Opposite_Arrows@2x.png in Resources */ = {isa = PBXBuildFile; fileRef = FC7422AF19E1EC3000C9A2D6 /* Opposite_Arrows@2x.png */; };
		FC8225B119E4D8A700557F22 /* Contact@2x.png in Resources */ = {isa = PBXBuildFile; fileRef = FC7422B119E1ECCD00C9A2D6 /* Contact@2x.png */; };
		FC8225B219E4D8AA00557F22 /* Reset@2x.png in Resources */ = {isa = PBXBuildFile; fileRef = FC7422AD19E1EB3900C9A2D6 /* Reset@2x.png */; };
		FC8225B719E4E32200557F22 /* UAAppReviewManager.m in Sources */ = {isa = PBXBuildFile; fileRef = FC8225B419E4E29C00557F22 /* UAAppReviewManager.m */; settings = {COMPILER_FLAGS = "-fobjc-arc"; }; };
		FC8225B919E4E45900557F22 /* StoreKit.framework in Frameworks */ = {isa = PBXBuildFile; fileRef = FC8225B819E4E45900557F22 /* StoreKit.framework */; };
		FC8225BB19E4E46900557F22 /* SystemConfiguration.framework in Frameworks */ = {isa = PBXBuildFile; fileRef = FC8225BA19E4E46900557F22 /* SystemConfiguration.framework */; };
		FC8225BC19E4E62900557F22 /* StoreKit.framework in Frameworks */ = {isa = PBXBuildFile; fileRef = FC8225B819E4E45900557F22 /* StoreKit.framework */; };
		FC8225BD19E4E63000557F22 /* SystemConfiguration.framework in Frameworks */ = {isa = PBXBuildFile; fileRef = FC8225BA19E4E46900557F22 /* SystemConfiguration.framework */; };
		FC8225BE19E4E67100557F22 /* UAAppReviewManager.m in Sources */ = {isa = PBXBuildFile; fileRef = FC8225B419E4E29C00557F22 /* UAAppReviewManager.m */; settings = {COMPILER_FLAGS = "-fobjc-arc"; }; };
		FC85597319E25BEF00F18EAD /* AMDarkButtonCell.m in Sources */ = {isa = PBXBuildFile; fileRef = FC85597219E25BEF00F18EAD /* AMDarkButtonCell.m */; };
		FC9D8D0019E4D059007A1781 /* Images.xcassets in Resources */ = {isa = PBXBuildFile; fileRef = FC9D8CFF19E4D059007A1781 /* Images.xcassets */; };
		FC9D8D0219E4D068007A1781 /* iTunesArtwork@2x.icns in Resources */ = {isa = PBXBuildFile; fileRef = FC9D8D0119E4D068007A1781 /* iTunesArtwork@2x.icns */; };
		FC9D8D0419E4D076007A1781 /* MainMenu.xib in Resources */ = {isa = PBXBuildFile; fileRef = FC9D8D0319E4D076007A1781 /* MainMenu.xib */; };
		FCDAAFF4181D1D11000128E1 /* Security.framework in Frameworks */ = {isa = PBXBuildFile; fileRef = FCDAAFF3181D1D11000128E1 /* Security.framework */; };
		FCDAAFF5181D1D19000128E1 /* Security.framework in Frameworks */ = {isa = PBXBuildFile; fileRef = FCDAAFF3181D1D11000128E1 /* Security.framework */; };
		FCDAAFFD181DB207000128E1 /* dsa_pub.pem in Resources */ = {isa = PBXBuildFile; fileRef = FCDAAFFC181DB207000128E1 /* dsa_pub.pem */; };
/* End PBXBuildFile section */

/* Begin PBXFileReference section */
		111AECBD14BF842F00653A12 /* WebKit.framework */ = {isa = PBXFileReference; lastKnownFileType = wrapper.framework; name = WebKit.framework; path = System/Library/Frameworks/WebKit.framework; sourceTree = SDKROOT; };
		1127099D14BBA19C00673DF8 /* Animal Age.app */ = {isa = PBXFileReference; explicitFileType = wrapper.application; includeInIndex = 0; path = "Animal Age.app"; sourceTree = BUILT_PRODUCTS_DIR; };
		112709A114BBA19C00673DF8 /* Cocoa.framework */ = {isa = PBXFileReference; lastKnownFileType = wrapper.framework; name = Cocoa.framework; path = System/Library/Frameworks/Cocoa.framework; sourceTree = SDKROOT; };
		112709A414BBA19C00673DF8 /* AppKit.framework */ = {isa = PBXFileReference; lastKnownFileType = wrapper.framework; name = AppKit.framework; path = System/Library/Frameworks/AppKit.framework; sourceTree = SDKROOT; };
		112709A514BBA19C00673DF8 /* CoreData.framework */ = {isa = PBXFileReference; lastKnownFileType = wrapper.framework; name = CoreData.framework; path = System/Library/Frameworks/CoreData.framework; sourceTree = SDKROOT; };
		112709A614BBA19C00673DF8 /* Foundation.framework */ = {isa = PBXFileReference; lastKnownFileType = wrapper.framework; name = Foundation.framework; path = System/Library/Frameworks/Foundation.framework; sourceTree = SDKROOT; };
		112709A914BBA19C00673DF8 /* Dog Age-Info.plist */ = {isa = PBXFileReference; lastKnownFileType = text.plist.xml; path = "Dog Age-Info.plist"; sourceTree = "<group>"; };
		112709AB14BBA19C00673DF8 /* en */ = {isa = PBXFileReference; lastKnownFileType = text.plist.strings; name = en; path = en.lproj/InfoPlist.strings; sourceTree = "<group>"; };
		112709AD14BBA19C00673DF8 /* main.m */ = {isa = PBXFileReference; lastKnownFileType = sourcecode.c.objc; path = main.m; sourceTree = "<group>"; };
		112709AF14BBA19C00673DF8 /* Dog Age-Prefix.pch */ = {isa = PBXFileReference; lastKnownFileType = sourcecode.c.h; path = "Dog Age-Prefix.pch"; sourceTree = "<group>"; };
		112709B114BBA19C00673DF8 /* en */ = {isa = PBXFileReference; lastKnownFileType = text.rtf; name = en; path = en.lproj/Credits.rtf; sourceTree = "<group>"; };
		112709B314BBA19C00673DF8 /* AppDelegate.h */ = {isa = PBXFileReference; lastKnownFileType = sourcecode.c.h; path = AppDelegate.h; sourceTree = "<group>"; };
		112709B414BBA19C00673DF8 /* AppDelegate.m */ = {isa = PBXFileReference; lastKnownFileType = sourcecode.c.objc; path = AppDelegate.m; sourceTree = "<group>"; };
		112709BE14BBA1C200673DF8 /* Dog.m */ = {isa = PBXFileReference; fileEncoding = 4; lastKnownFileType = sourcecode.c.objc; path = Dog.m; sourceTree = "<group>"; };
		112709BF14BBA1C200673DF8 /* Dog.h */ = {isa = PBXFileReference; fileEncoding = 4; lastKnownFileType = sourcecode.c.h; path = Dog.h; sourceTree = "<group>"; };
		1142291414BFE9D900B001E3 /* jquery-1.7.1.min.js */ = {isa = PBXFileReference; fileEncoding = 4; lastKnownFileType = sourcecode.javascript; path = "jquery-1.7.1.min.js"; sourceTree = "<group>"; };
		11C3EE8214BF8754003C96AE /* index.html */ = {isa = PBXFileReference; fileEncoding = 4; lastKnownFileType = text.html; path = index.html; sourceTree = "<group>"; };
		11E58DDF14BF6827001E8712 /* topBar.h */ = {isa = PBXFileReference; fileEncoding = 4; lastKnownFileType = sourcecode.c.h; path = topBar.h; sourceTree = "<group>"; };
		11E58DE014BF6827001E8712 /* topBar.m */ = {isa = PBXFileReference; fileEncoding = 4; lastKnownFileType = sourcecode.c.objc; path = topBar.m; sourceTree = "<group>"; };
		FC0C088F181D1A7E00E34270 /* Animal Age.app */ = {isa = PBXFileReference; explicitFileType = wrapper.application; includeInIndex = 0; path = "Animal Age.app"; sourceTree = BUILT_PRODUCTS_DIR; };
		FC0C0891181D1BD600E34270 /* NSString+SymlinksAndAliases.h */ = {isa = PBXFileReference; fileEncoding = 4; lastKnownFileType = sourcecode.c.h; path = "NSString+SymlinksAndAliases.h"; sourceTree = "<group>"; };
		FC0C0892181D1BD600E34270 /* NSString+SymlinksAndAliases.m */ = {isa = PBXFileReference; fileEncoding = 4; lastKnownFileType = sourcecode.c.objc; path = "NSString+SymlinksAndAliases.m"; sourceTree = "<group>"; };
		FC0C0893181D1BD600E34270 /* PFMoveApplication.h */ = {isa = PBXFileReference; fileEncoding = 4; lastKnownFileType = sourcecode.c.h; path = PFMoveApplication.h; sourceTree = "<group>"; };
		FC0C0894181D1BD600E34270 /* PFMoveApplication.m */ = {isa = PBXFileReference; fileEncoding = 4; lastKnownFileType = sourcecode.c.objc; path = PFMoveApplication.m; sourceTree = "<group>"; };
		FC1D217319E4D104003B3FEB /* Sparkle.framework */ = {isa = PBXFileReference; lastKnownFileType = wrapper.framework; name = Sparkle.framework; path = "Dog Age/Sparkle.framework"; sourceTree = "<group>"; };
		FC1D217519E4D12A003B3FEB /* OpenFeedback.framework */ = {isa = PBXFileReference; lastKnownFileType = wrapper.framework; name = OpenFeedback.framework; path = "Dog Age/OpenFeedback.framework"; sourceTree = "<group>"; };
		FC1D217A19E4D2A5003B3FEB /* Animal Age.entitlements */ = {isa = PBXFileReference; lastKnownFileType = text.xml; path = "Animal Age.entitlements"; sourceTree = "<group>"; };
		FC70429418A1FC9B00BA87E7 /* QuartzCore.framework */ = {isa = PBXFileReference; lastKnownFileType = wrapper.framework; name = QuartzCore.framework; path = System/Library/Frameworks/QuartzCore.framework; sourceTree = SDKROOT; };
		FC7422AD19E1EB3900C9A2D6 /* Reset@2x.png */ = {isa = PBXFileReference; lastKnownFileType = image.png; path = "Reset@2x.png"; sourceTree = "<group>"; };
		FC7422AF19E1EC3000C9A2D6 /* Opposite_Arrows@2x.png */ = {isa = PBXFileReference; lastKnownFileType = image.png; path = "Opposite_Arrows@2x.png"; sourceTree = "<group>"; };
		FC7422B119E1ECCD00C9A2D6 /* Contact@2x.png */ = {isa = PBXFileReference; lastKnownFileType = image.png; path = "Contact@2x.png"; sourceTree = "<group>"; };
		FC7D32CB16DC704500689DC8 /* INAppStoreWindow.h */ = {isa = PBXFileReference; fileEncoding = 4; lastKnownFileType = sourcecode.c.h; path = INAppStoreWindow.h; sourceTree = "<group>"; };
		FC7D32CC16DC704500689DC8 /* INAppStoreWindow.m */ = {isa = PBXFileReference; fileEncoding = 4; lastKnownFileType = sourcecode.c.objc; path = INAppStoreWindow.m; sourceTree = "<group>"; };
		FC7D32CD16DC704500689DC8 /* INWindowButton.h */ = {isa = PBXFileReference; fileEncoding = 4; lastKnownFileType = sourcecode.c.h; path = INWindowButton.h; sourceTree = "<group>"; };
		FC7D32CE16DC704500689DC8 /* INWindowButton.m */ = {isa = PBXFileReference; fileEncoding = 4; lastKnownFileType = sourcecode.c.objc; path = INWindowButton.m; sourceTree = "<group>"; };
		FC7D32CF16DC704500689DC8 /* NSColor+INAdditions.h */ = {isa = PBXFileReference; fileEncoding = 4; lastKnownFileType = sourcecode.c.h; path = "NSColor+INAdditions.h"; sourceTree = "<group>"; };
		FC7D32D016DC704500689DC8 /* NSColor+INAdditions.m */ = {isa = PBXFileReference; fileEncoding = 4; lastKnownFileType = sourcecode.c.objc; path = "NSColor+INAdditions.m"; sourceTree = "<group>"; };
		FC7D32D716DC767C00689DC8 /* WindowController.h */ = {isa = PBXFileReference; fileEncoding = 4; lastKnownFileType = sourcecode.c.h; path = WindowController.h; sourceTree = "<group>"; };
		FC7D32D816DC767C00689DC8 /* WindowController.m */ = {isa = PBXFileReference; fileEncoding = 4; lastKnownFileType = sourcecode.c.objc; path = WindowController.m; sourceTree = "<group>"; };
		FC7D32DA16DC847100689DC8 /* close-active-color.tiff */ = {isa = PBXFileReference; lastKnownFileType = image.tiff; path = "close-active-color.tiff"; sourceTree = "<group>"; };
		FC7D32DB16DC847100689DC8 /* close-activenokey-color.tiff */ = {isa = PBXFileReference; lastKnownFileType = image.tiff; path = "close-activenokey-color.tiff"; sourceTree = "<group>"; };
		FC7D32DC16DC847100689DC8 /* close-inactive-disabled-color.tiff */ = {isa = PBXFileReference; lastKnownFileType = image.tiff; path = "close-inactive-disabled-color.tiff"; sourceTree = "<group>"; };
		FC7D32DD16DC847100689DC8 /* close-pd-color.tiff */ = {isa = PBXFileReference; lastKnownFileType = image.tiff; path = "close-pd-color.tiff"; sourceTree = "<group>"; };
		FC7D32DE16DC847100689DC8 /* close-rollover-color.tiff */ = {isa = PBXFileReference; lastKnownFileType = image.tiff; path = "close-rollover-color.tiff"; sourceTree = "<group>"; };
		FC7D32DF16DC847200689DC8 /* minimize-active-color.tiff */ = {isa = PBXFileReference; lastKnownFileType = image.tiff; path = "minimize-active-color.tiff"; sourceTree = "<group>"; };
		FC7D32E016DC847200689DC8 /* minimize-activenokey-color.tiff */ = {isa = PBXFileReference; lastKnownFileType = image.tiff; path = "minimize-activenokey-color.tiff"; sourceTree = "<group>"; };
		FC7D32E116DC847200689DC8 /* minimize-inactive-disabled-color.tiff */ = {isa = PBXFileReference; lastKnownFileType = image.tiff; path = "minimize-inactive-disabled-color.tiff"; sourceTree = "<group>"; };
		FC7D32E216DC847200689DC8 /* minimize-pd-color.tiff */ = {isa = PBXFileReference; lastKnownFileType = image.tiff; path = "minimize-pd-color.tiff"; sourceTree = "<group>"; };
		FC7D32E316DC847200689DC8 /* minimize-rollover-color.tiff */ = {isa = PBXFileReference; lastKnownFileType = image.tiff; path = "minimize-rollover-color.tiff"; sourceTree = "<group>"; };
		FC7D32E416DC847200689DC8 /* zoom-active-color.tiff */ = {isa = PBXFileReference; lastKnownFileType = image.tiff; path = "zoom-active-color.tiff"; sourceTree = "<group>"; };
		FC7D32E516DC847300689DC8 /* zoom-activenokey-color.tiff */ = {isa = PBXFileReference; lastKnownFileType = image.tiff; path = "zoom-activenokey-color.tiff"; sourceTree = "<group>"; };
		FC7D32E616DC847300689DC8 /* zoom-inactive-disabled-color.tiff */ = {isa = PBXFileReference; lastKnownFileType = image.tiff; path = "zoom-inactive-disabled-color.tiff"; sourceTree = "<group>"; };
		FC7D32E716DC847300689DC8 /* zoom-pd-color.tiff */ = {isa = PBXFileReference; lastKnownFileType = image.tiff; path = "zoom-pd-color.tiff"; sourceTree = "<group>"; };
		FC7D32E816DC847300689DC8 /* zoom-rollover-color.tiff */ = {isa = PBXFileReference; lastKnownFileType = image.tiff; path = "zoom-rollover-color.tiff"; sourceTree = "<group>"; };
		FC8225B319E4E29C00557F22 /* UAAppReviewManager.h */ = {isa = PBXFileReference; fileEncoding = 4; lastKnownFileType = sourcecode.c.h; path = UAAppReviewManager.h; sourceTree = "<group>"; };
		FC8225B419E4E29C00557F22 /* UAAppReviewManager.m */ = {isa = PBXFileReference; fileEncoding = 4; lastKnownFileType = sourcecode.c.objc; path = UAAppReviewManager.m; sourceTree = "<group>"; };
		FC8225B819E4E45900557F22 /* StoreKit.framework */ = {isa = PBXFileReference; lastKnownFileType = wrapper.framework; name = StoreKit.framework; path = System/Library/Frameworks/StoreKit.framework; sourceTree = SDKROOT; };
		FC8225BA19E4E46900557F22 /* SystemConfiguration.framework */ = {isa = PBXFileReference; lastKnownFileType = wrapper.framework; name = SystemConfiguration.framework; path = System/Library/Frameworks/SystemConfiguration.framework; sourceTree = SDKROOT; };
		FC85597119E25BEF00F18EAD /* AMDarkButtonCell.h */ = {isa = PBXFileReference; fileEncoding = 4; lastKnownFileType = sourcecode.c.h; path = AMDarkButtonCell.h; sourceTree = "<group>"; };
		FC85597219E25BEF00F18EAD /* AMDarkButtonCell.m */ = {isa = PBXFileReference; fileEncoding = 4; lastKnownFileType = sourcecode.c.objc; path = AMDarkButtonCell.m; sourceTree = "<group>"; };
		FC9D8CFF19E4D059007A1781 /* Images.xcassets */ = {isa = PBXFileReference; lastKnownFileType = folder.assetcatalog; name = Images.xcassets; path = "Dog Age/Images.xcassets"; sourceTree = "<group>"; };
		FC9D8D0119E4D068007A1781 /* iTunesArtwork@2x.icns */ = {isa = PBXFileReference; lastKnownFileType = image.icns; path = "iTunesArtwork@2x.icns"; sourceTree = "<group>"; };
		FC9D8D0319E4D076007A1781 /* MainMenu.xib */ = {isa = PBXFileReference; fileEncoding = 4; lastKnownFileType = file.xib; path = MainMenu.xib; sourceTree = "<group>"; };
		FC9D8D0519E4D0AB007A1781 /* MainMenuWeb.xib */ = {isa = PBXFileReference; fileEncoding = 4; lastKnownFileType = file.xib; path = MainMenuWeb.xib; sourceTree = "<group>"; };
		FCDAAFF3181D1D11000128E1 /* Security.framework */ = {isa = PBXFileReference; lastKnownFileType = wrapper.framework; name = Security.framework; path = System/Library/Frameworks/Security.framework; sourceTree = SDKROOT; };
		FCDAAFFC181DB207000128E1 /* dsa_pub.pem */ = {isa = PBXFileReference; fileEncoding = 4; lastKnownFileType = text; path = dsa_pub.pem; sourceTree = "<group>"; };
/* End PBXFileReference section */

/* Begin PBXFrameworksBuildPhase section */
		1127099A14BBA19C00673DF8 /* Frameworks */ = {
			isa = PBXFrameworksBuildPhase;
			buildActionMask = 2147483647;
			files = (
				FC8225BD19E4E63000557F22 /* SystemConfiguration.framework in Frameworks */,
				FC8225BC19E4E62900557F22 /* StoreKit.framework in Frameworks */,
				FC70429518A1FC9B00BA87E7 /* QuartzCore.framework in Frameworks */,
				FCDAAFF4181D1D11000128E1 /* Security.framework in Frameworks */,
				111AECBE14BF842F00653A12 /* WebKit.framework in Frameworks */,
				112709A214BBA19C00673DF8 /* Cocoa.framework in Frameworks */,
			);
			runOnlyForDeploymentPostprocessing = 0;
		};
		FC0C0861181D1A7E00E34270 /* Frameworks */ = {
			isa = PBXFrameworksBuildPhase;
			buildActionMask = 2147483647;
			files = (
				FC8225BB19E4E46900557F22 /* SystemConfiguration.framework in Frameworks */,
				FC8225B919E4E45900557F22 /* StoreKit.framework in Frameworks */,
				FC8225AD19E4D6E100557F22 /* Sparkle.framework in Frameworks */,
				FC237EFD18A84B3500F16FB8 /* QuartzCore.framework in Frameworks */,
				FCDAAFF5181D1D19000128E1 /* Security.framework in Frameworks */,
				FC0C0862181D1A7E00E34270 /* WebKit.framework in Frameworks */,
				FC0C0863181D1A7E00E34270 /* Cocoa.framework in Frameworks */,
				FC1D217819E4D1A6003B3FEB /* OpenFeedback.framework in Frameworks */,
			);
			runOnlyForDeploymentPostprocessing = 0;
		};
/* End PBXFrameworksBuildPhase section */

/* Begin PBXGroup section */
		1127099214BBA19C00673DF8 = {
			isa = PBXGroup;
			children = (
				FC1D217A19E4D2A5003B3FEB /* Animal Age.entitlements */,
				FC9D8CFF19E4D059007A1781 /* Images.xcassets */,
				112709A714BBA19C00673DF8 /* Dog Age */,
				112709A014BBA19C00673DF8 /* Frameworks */,
				1127099E14BBA19C00673DF8 /* Products */,
			);
			sourceTree = "<group>";
		};
		1127099E14BBA19C00673DF8 /* Products */ = {
			isa = PBXGroup;
			children = (
				1127099D14BBA19C00673DF8 /* Animal Age.app */,
				FC0C088F181D1A7E00E34270 /* Animal Age.app */,
			);
			name = Products;
			sourceTree = "<group>";
		};
		112709A014BBA19C00673DF8 /* Frameworks */ = {
			isa = PBXGroup;
			children = (
				FC8225BA19E4E46900557F22 /* SystemConfiguration.framework */,
				FC8225B819E4E45900557F22 /* StoreKit.framework */,
				FC1D217319E4D104003B3FEB /* Sparkle.framework */,
				FC1D217519E4D12A003B3FEB /* OpenFeedback.framework */,
				FC70429418A1FC9B00BA87E7 /* QuartzCore.framework */,
				FCDAAFF3181D1D11000128E1 /* Security.framework */,
				111AECBD14BF842F00653A12 /* WebKit.framework */,
				112709A114BBA19C00673DF8 /* Cocoa.framework */,
				112709A314BBA19C00673DF8 /* Other Frameworks */,
			);
			name = Frameworks;
			sourceTree = "<group>";
		};
		112709A314BBA19C00673DF8 /* Other Frameworks */ = {
			isa = PBXGroup;
			children = (
				112709A414BBA19C00673DF8 /* AppKit.framework */,
				112709A514BBA19C00673DF8 /* CoreData.framework */,
				112709A614BBA19C00673DF8 /* Foundation.framework */,
			);
			name = "Other Frameworks";
			sourceTree = "<group>";
		};
		112709A714BBA19C00673DF8 /* Dog Age */ = {
			isa = PBXGroup;
			children = (
				FCEFEABC18B16F93008B33B8 /* Classes */,
				FC7D32F816DC847A00689DC8 /* resources */,
				11C3EE8514BF9C77003C96AE /* htdocs */,
				112709A814BBA19C00673DF8 /* Supporting Files */,
			);
			path = "Dog Age";
			sourceTree = "<group>";
		};
		112709A814BBA19C00673DF8 /* Supporting Files */ = {
			isa = PBXGroup;
			children = (
				112709A914BBA19C00673DF8 /* Dog Age-Info.plist */,
				112709AA14BBA19C00673DF8 /* InfoPlist.strings */,
				112709AD14BBA19C00673DF8 /* main.m */,
				112709AF14BBA19C00673DF8 /* Dog Age-Prefix.pch */,
				112709B014BBA19C00673DF8 /* Credits.rtf */,
			);
			name = "Supporting Files";
			sourceTree = "<group>";
		};
		11C3EE8514BF9C77003C96AE /* htdocs */ = {
			isa = PBXGroup;
			children = (
				11C3EE8214BF8754003C96AE /* index.html */,
				1142291414BFE9D900B001E3 /* jquery-1.7.1.min.js */,
			);
			name = htdocs;
			sourceTree = "<group>";
		};
		FC0C0899181D1BDC00E34270 /* Lets Move */ = {
			isa = PBXGroup;
			children = (
				FC0C0891181D1BD600E34270 /* NSString+SymlinksAndAliases.h */,
				FC0C0892181D1BD600E34270 /* NSString+SymlinksAndAliases.m */,
				FC0C0893181D1BD600E34270 /* PFMoveApplication.h */,
				FC0C0894181D1BD600E34270 /* PFMoveApplication.m */,
			);
			name = "Lets Move";
			sourceTree = "<group>";
		};
		FC7D32CA16DC6F9400689DC8 /* InAppStore */ = {
			isa = PBXGroup;
			children = (
				FC7D32CB16DC704500689DC8 /* INAppStoreWindow.h */,
				FC7D32CC16DC704500689DC8 /* INAppStoreWindow.m */,
				FC7D32CD16DC704500689DC8 /* INWindowButton.h */,
				FC7D32CE16DC704500689DC8 /* INWindowButton.m */,
				FC7D32CF16DC704500689DC8 /* NSColor+INAdditions.h */,
				FC7D32D016DC704500689DC8 /* NSColor+INAdditions.m */,
			);
			name = InAppStore;
			sourceTree = "<group>";
		};
		FC7D32F816DC847A00689DC8 /* resources */ = {
			isa = PBXGroup;
			children = (
				FC9D8D0119E4D068007A1781 /* iTunesArtwork@2x.icns */,
				FCDAAFFC181DB207000128E1 /* dsa_pub.pem */,
				FC9D8D0319E4D076007A1781 /* MainMenu.xib */,
				FC9D8D0519E4D0AB007A1781 /* MainMenuWeb.xib */,
				FC7422AF19E1EC3000C9A2D6 /* Opposite_Arrows@2x.png */,
				FC7422B119E1ECCD00C9A2D6 /* Contact@2x.png */,
				FC7422AD19E1EB3900C9A2D6 /* Reset@2x.png */,
				FC7D32DA16DC847100689DC8 /* close-active-color.tiff */,
				FC7D32DB16DC847100689DC8 /* close-activenokey-color.tiff */,
				FC7D32DC16DC847100689DC8 /* close-inactive-disabled-color.tiff */,
				FC7D32DD16DC847100689DC8 /* close-pd-color.tiff */,
				FC7D32DE16DC847100689DC8 /* close-rollover-color.tiff */,
				FC7D32DF16DC847200689DC8 /* minimize-active-color.tiff */,
				FC7D32E016DC847200689DC8 /* minimize-activenokey-color.tiff */,
				FC7D32E116DC847200689DC8 /* minimize-inactive-disabled-color.tiff */,
				FC7D32E216DC847200689DC8 /* minimize-pd-color.tiff */,
				FC7D32E316DC847200689DC8 /* minimize-rollover-color.tiff */,
				FC7D32E416DC847200689DC8 /* zoom-active-color.tiff */,
				FC7D32E516DC847300689DC8 /* zoom-activenokey-color.tiff */,
				FC7D32E616DC847300689DC8 /* zoom-inactive-disabled-color.tiff */,
				FC7D32E716DC847300689DC8 /* zoom-pd-color.tiff */,
				FC7D32E816DC847300689DC8 /* zoom-rollover-color.tiff */,
			);
			name = resources;
			sourceTree = "<group>";
		};
		FC8225B619E4E2A100557F22 /* UAAppReview */ = {
			isa = PBXGroup;
			children = (
				FC8225B319E4E29C00557F22 /* UAAppReviewManager.h */,
				FC8225B419E4E29C00557F22 /* UAAppReviewManager.m */,
			);
			name = UAAppReview;
			sourceTree = "<group>";
		};
		FC85597419E25BF400F18EAD /* Custom Button */ = {
			isa = PBXGroup;
			children = (
				FC85597119E25BEF00F18EAD /* AMDarkButtonCell.h */,
				FC85597219E25BEF00F18EAD /* AMDarkButtonCell.m */,
			);
			name = "Custom Button";
			sourceTree = "<group>";
		};
		FCEFEABB18B16F75008B33B8 /* Premade Classes */ = {
			isa = PBXGroup;
			children = (
				FC8225B619E4E2A100557F22 /* UAAppReview */,
				FC85597419E25BF400F18EAD /* Custom Button */,
				FC0C0899181D1BDC00E34270 /* Lets Move */,
				FC7D32CA16DC6F9400689DC8 /* InAppStore */,
			);
			name = "Premade Classes";
			sourceTree = "<group>";
		};
		FCEFEABC18B16F93008B33B8 /* Classes */ = {
			isa = PBXGroup;
			children = (
				FCEFEABB18B16F75008B33B8 /* Premade Classes */,
				112709B314BBA19C00673DF8 /* AppDelegate.h */,
				112709B414BBA19C00673DF8 /* AppDelegate.m */,
				11E58DDF14BF6827001E8712 /* topBar.h */,
				11E58DE014BF6827001E8712 /* topBar.m */,
				FC7D32D716DC767C00689DC8 /* WindowController.h */,
				FC7D32D816DC767C00689DC8 /* WindowController.m */,
				112709BF14BBA1C200673DF8 /* Dog.h */,
				112709BE14BBA1C200673DF8 /* Dog.m */,
			);
			name = Classes;
			sourceTree = "<group>";
		};
/* End PBXGroup section */

/* Begin PBXNativeTarget section */
		1127099C14BBA19C00673DF8 /* Animal Age */ = {
			isa = PBXNativeTarget;
			buildConfigurationList = 112709BB14BBA19D00673DF8 /* Build configuration list for PBXNativeTarget "Animal Age" */;
			buildPhases = (
				1127099914BBA19C00673DF8 /* Sources */,
				1127099A14BBA19C00673DF8 /* Frameworks */,
				1127099B14BBA19C00673DF8 /* Resources */,
			);
			buildRules = (
			);
			dependencies = (
			);
			name = "Animal Age";
			productName = "Dog Age";
			productReference = 1127099D14BBA19C00673DF8 /* Animal Age.app */;
			productType = "com.apple.product-type.application";
		};
		FC0C0857181D1A7E00E34270 /* Animal Age Website */ = {
			isa = PBXNativeTarget;
			buildConfigurationList = FC0C088C181D1A7E00E34270 /* Build configuration list for PBXNativeTarget "Animal Age Website" */;
			buildPhases = (
				FC0C0858181D1A7E00E34270 /* Sources */,
				FC0C0861181D1A7E00E34270 /* Frameworks */,
				FC0C0864181D1A7E00E34270 /* Resources */,
			);
			buildRules = (
			);
			dependencies = (
			);
			name = "Animal Age Website";
			productName = "Dog Age";
			productReference = FC0C088F181D1A7E00E34270 /* Animal Age.app */;
			productType = "com.apple.product-type.application";
		};
/* End PBXNativeTarget section */

/* Begin PBXProject section */
		1127099414BBA19C00673DF8 /* Project object */ = {
			isa = PBXProject;
			attributes = {
				LastUpgradeCheck = 0610;
				ORGANIZATIONNAME = JBD;
				TargetAttributes = {
					1127099C14BBA19C00673DF8 = {
						DevelopmentTeam = 2D4Z7WQ7RS;
						SystemCapabilities = {
							com.apple.Sandbox = {
								enabled = 1;
							};
						};
					};
					FC0C0857181D1A7E00E34270 = {
						DevelopmentTeam = 2D4Z7WQ7RS;
						SystemCapabilities = {
							com.apple.Sandbox = {
								enabled = 0;
							};
						};
					};
				};
			};
			buildConfigurationList = 1127099714BBA19C00673DF8 /* Build configuration list for PBXProject "Dog Age" */;
			compatibilityVersion = "Xcode 3.2";
			developmentRegion = English;
			hasScannedForEncodings = 0;
			knownRegions = (
				en,
				ja,
			);
			mainGroup = 1127099214BBA19C00673DF8;
			productRefGroup = 1127099E14BBA19C00673DF8 /* Products */;
			projectDirPath = "";
			projectRoot = "";
			targets = (
				1127099C14BBA19C00673DF8 /* Animal Age */,
				FC0C0857181D1A7E00E34270 /* Animal Age Website */,
			);
		};
/* End PBXProject section */

/* Begin PBXResourcesBuildPhase section */
		1127099B14BBA19C00673DF8 /* Resources */ = {
			isa = PBXResourcesBuildPhase;
			buildActionMask = 2147483647;
			files = (
				112709AC14BBA19C00673DF8 /* InfoPlist.strings in Resources */,
				112709B214BBA19C00673DF8 /* Credits.rtf in Resources */,
				1142291614BFEE8400B001E3 /* jquery-1.7.1.min.js in Resources */,
				FC7422AE19E1EB3900C9A2D6 /* Reset@2x.png in Resources */,
				11C3EE8314BF8754003C96AE /* index.html in Resources */,
				FC9D8D0019E4D059007A1781 /* Images.xcassets in Resources */,
				FC7422B019E1EC3000C9A2D6 /* Opposite_Arrows@2x.png in Resources */,
				FC9D8D0419E4D076007A1781 /* MainMenu.xib in Resources */,
				FC9D8D0219E4D068007A1781 /* iTunesArtwork@2x.icns in Resources */,
				FC7422B219E1ECCD00C9A2D6 /* Contact@2x.png in Resources */,
			);
			runOnlyForDeploymentPostprocessing = 0;
		};
		FC0C0864181D1A7E00E34270 /* Resources */ = {
			isa = PBXResourcesBuildPhase;
			buildActionMask = 2147483647;
			files = (
				FC8225AA19E4D57800557F22 /* OpenFeedback.framework in Resources */,
				FC8225A819E4D3BB00557F22 /* Sparkle.framework in Resources */,
				FC0C0865181D1A7E00E34270 /* InfoPlist.strings in Resources */,
				FC0C0866181D1A7E00E34270 /* Credits.rtf in Resources */,
				FC0C0869181D1A7E00E34270 /* jquery-1.7.1.min.js in Resources */,
				FCDAAFFD181DB207000128E1 /* dsa_pub.pem in Resources */,
				FC0C0872181D1A7E00E34270 /* index.html in Resources */,
				FC8225AE19E4D82E00557F22 /* MainMenuWeb.xib in Resources */,
				FC8225B019E4D8A400557F22 /* Opposite_Arrows@2x.png in Resources */,
				FC8225AF19E4D87500557F22 /* iTunesArtwork@2x.icns in Resources */,
				FC8225B219E4D8AA00557F22 /* Reset@2x.png in Resources */,
				FC8225B119E4D8A700557F22 /* Contact@2x.png in Resources */,
			);
			runOnlyForDeploymentPostprocessing = 0;
		};
/* End PBXResourcesBuildPhase section */

/* Begin PBXSourcesBuildPhase section */
		1127099914BBA19C00673DF8 /* Sources */ = {
			isa = PBXSourcesBuildPhase;
			buildActionMask = 2147483647;
			files = (
				112709AE14BBA19C00673DF8 /* main.m in Sources */,
				112709B514BBA19C00673DF8 /* AppDelegate.m in Sources */,
				112709C014BBA1C200673DF8 /* Dog.m in Sources */,
				11E58DE114BF6827001E8712 /* topBar.m in Sources */,
				FC0C0895181D1BD600E34270 /* NSString+SymlinksAndAliases.m in Sources */,
				FC85597319E25BEF00F18EAD /* AMDarkButtonCell.m in Sources */,
				FC0C0897181D1BD600E34270 /* PFMoveApplication.m in Sources */,
				FC8225BE19E4E67100557F22 /* UAAppReviewManager.m in Sources */,
				FC7D32D916DC767C00689DC8 /* WindowController.m in Sources */,
			);
			runOnlyForDeploymentPostprocessing = 0;
		};
		FC0C0858181D1A7E00E34270 /* Sources */ = {
			isa = PBXSourcesBuildPhase;
			buildActionMask = 2147483647;
			files = (
				FC0C0859181D1A7E00E34270 /* main.m in Sources */,
				FC0C085A181D1A7E00E34270 /* AppDelegate.m in Sources */,
				FC0C085B181D1A7E00E34270 /* Dog.m in Sources */,
				FC0C085C181D1A7E00E34270 /* topBar.m in Sources */,
				FC0C0896181D1BD600E34270 /* NSString+SymlinksAndAliases.m in Sources */,
				FC8225AB19E4D59E00557F22 /* AMDarkButtonCell.m in Sources */,
				FC0C0898181D1BD600E34270 /* PFMoveApplication.m in Sources */,
				FC8225B719E4E32200557F22 /* UAAppReviewManager.m in Sources */,
				FC0C0860181D1A7E00E34270 /* WindowController.m in Sources */,
			);
			runOnlyForDeploymentPostprocessing = 0;
		};
/* End PBXSourcesBuildPhase section */

/* Begin PBXVariantGroup section */
		112709AA14BBA19C00673DF8 /* InfoPlist.strings */ = {
			isa = PBXVariantGroup;
			children = (
				112709AB14BBA19C00673DF8 /* en */,
			);
			name = InfoPlist.strings;
			sourceTree = "<group>";
		};
		112709B014BBA19C00673DF8 /* Credits.rtf */ = {
			isa = PBXVariantGroup;
			children = (
				112709B114BBA19C00673DF8 /* en */,
			);
			name = Credits.rtf;
			sourceTree = "<group>";
		};
/* End PBXVariantGroup section */

/* Begin XCBuildConfiguration section */
		112709B914BBA19D00673DF8 /* Debug */ = {
			isa = XCBuildConfiguration;
			buildSettings = {
				ALWAYS_SEARCH_USER_PATHS = NO;
				CLANG_WARN_BOOL_CONVERSION = YES;
				CLANG_WARN_CONSTANT_CONVERSION = YES;
				CLANG_WARN_EMPTY_BODY = YES;
				CLANG_WARN_ENUM_CONVERSION = YES;
				CLANG_WARN_INT_CONVERSION = YES;
				CLANG_WARN_UNREACHABLE_CODE = YES;
				CLANG_WARN__DUPLICATE_METHOD_MATCH = YES;
				COPY_PHASE_STRIP = NO;
				ENABLE_STRICT_OBJC_MSGSEND = YES;
				GCC_C_LANGUAGE_STANDARD = gnu99;
				GCC_DYNAMIC_NO_PIC = NO;
				GCC_ENABLE_OBJC_EXCEPTIONS = YES;
				GCC_OPTIMIZATION_LEVEL = 0;
				GCC_PREPROCESSOR_DEFINITIONS = (
					"DEBUG=1",
					"$(inherited)",
				);
				GCC_SYMBOLS_PRIVATE_EXTERN = NO;
				GCC_VERSION = com.apple.compilers.llvm.clang.1_0;
				GCC_WARN_64_TO_32_BIT_CONVERSION = YES;
				GCC_WARN_ABOUT_MISSING_PROTOTYPES = YES;
				GCC_WARN_ABOUT_RETURN_TYPE = YES;
				GCC_WARN_UNDECLARED_SELECTOR = YES;
				GCC_WARN_UNINITIALIZED_AUTOS = YES;
				GCC_WARN_UNUSED_FUNCTION = YES;
				GCC_WARN_UNUSED_VARIABLE = YES;
				MACOSX_DEPLOYMENT_TARGET = 10.9;
				ONLY_ACTIVE_ARCH = YES;
				SDKROOT = macosx;
			};
			name = Debug;
		};
		112709BA14BBA19D00673DF8 /* Release */ = {
			isa = XCBuildConfiguration;
			buildSettings = {
				ALWAYS_SEARCH_USER_PATHS = NO;
				CLANG_WARN_BOOL_CONVERSION = YES;
				CLANG_WARN_CONSTANT_CONVERSION = YES;
				CLANG_WARN_EMPTY_BODY = YES;
				CLANG_WARN_ENUM_CONVERSION = YES;
				CLANG_WARN_INT_CONVERSION = YES;
				CLANG_WARN_UNREACHABLE_CODE = YES;
				CLANG_WARN__DUPLICATE_METHOD_MATCH = YES;
				COPY_PHASE_STRIP = YES;
				DEBUG_INFORMATION_FORMAT = "dwarf-with-dsym";
				ENABLE_STRICT_OBJC_MSGSEND = YES;
				GCC_C_LANGUAGE_STANDARD = gnu99;
				GCC_ENABLE_OBJC_EXCEPTIONS = YES;
				GCC_VERSION = com.apple.compilers.llvm.clang.1_0;
				GCC_WARN_64_TO_32_BIT_CONVERSION = YES;
				GCC_WARN_ABOUT_MISSING_PROTOTYPES = YES;
				GCC_WARN_ABOUT_RETURN_TYPE = YES;
				GCC_WARN_UNDECLARED_SELECTOR = YES;
				GCC_WARN_UNINITIALIZED_AUTOS = YES;
				GCC_WARN_UNUSED_FUNCTION = YES;
				GCC_WARN_UNUSED_VARIABLE = YES;
				MACOSX_DEPLOYMENT_TARGET = 10.9;
				SDKROOT = macosx;
			};
			name = Release;
		};
		112709BC14BBA19D00673DF8 /* Debug */ = {
			isa = XCBuildConfiguration;
			buildSettings = {
				CLANG_WARN_DIRECT_OBJC_ISA_USAGE = NO;
				CODE_SIGN_ENTITLEMENTS = "Animal Age.entitlements";
				CODE_SIGN_IDENTITY = "Mac Developer";
				"CODE_SIGN_IDENTITY[sdk=macosx*]" = "Mac Developer";
				COMBINE_HIDPI_IMAGES = YES;
				FRAMEWORK_SEARCH_PATHS = (
					"$(inherited)",
					"$(PROJECT_DIR)/Dog\\ Age",
				);
				GCC_PRECOMPILE_PREFIX_HEADER = YES;
				GCC_PREFIX_HEADER = "Dog Age/Dog Age-Prefix.pch";
				GCC_WARN_ABOUT_DEPRECATED_FUNCTIONS = NO;
				INFOPLIST_FILE = "Dog Age/Dog Age-Info.plist";
				MACOSX_DEPLOYMENT_TARGET = 10.9;
				PRODUCT_NAME = "$(TARGET_NAME)";
				PROVISIONING_PROFILE = "";
				WRAPPER_EXTENSION = app;
			};
			name = Debug;
		};
		112709BD14BBA19D00673DF8 /* Release */ = {
			isa = XCBuildConfiguration;
			buildSettings = {
				CLANG_WARN_DIRECT_OBJC_ISA_USAGE = NO;
				CODE_SIGN_ENTITLEMENTS = "Animal Age.entitlements";
				CODE_SIGN_IDENTITY = "Mac Developer";
				"CODE_SIGN_IDENTITY[sdk=macosx*]" = "Mac Developer";
				COMBINE_HIDPI_IMAGES = YES;
				FRAMEWORK_SEARCH_PATHS = (
					"$(inherited)",
					"$(PROJECT_DIR)/Dog\\ Age",
				);
				GCC_PRECOMPILE_PREFIX_HEADER = YES;
				GCC_PREFIX_HEADER = "Dog Age/Dog Age-Prefix.pch";
				GCC_WARN_ABOUT_DEPRECATED_FUNCTIONS = NO;
				INFOPLIST_FILE = "Dog Age/Dog Age-Info.plist";
				MACOSX_DEPLOYMENT_TARGET = 10.9;
				PRODUCT_NAME = "$(TARGET_NAME)";
				PROVISIONING_PROFILE = "";
				"PROVISIONING_PROFILE[sdk=macosx*]" = "AD05D771-874A-4592-8E62-6EA881A55870";
				WRAPPER_EXTENSION = app;
			};
			name = Release;
		};
		FC0C088D181D1A7E00E34270 /* Debug */ = {
			isa = XCBuildConfiguration;
			buildSettings = {
				CLANG_WARN_DIRECT_OBJC_ISA_USAGE = NO;
				CODE_SIGN_IDENTITY = "Mac Developer";
				"CODE_SIGN_IDENTITY[sdk=macosx*]" = "Mac Developer";
				COMBINE_HIDPI_IMAGES = YES;
				FRAMEWORK_SEARCH_PATHS = (
					"$(inherited)",
					"$(PROJECT_DIR)/Dog\\ Age",
				);
				GCC_PRECOMPILE_PREFIX_HEADER = YES;
				GCC_PREFIX_HEADER = "Dog Age/Dog Age-Prefix.pch";
				GCC_PREPROCESSOR_DEFINITIONS = (
					"DEBUG=1",
					"$(inherited)",
					WEBSITE,
				);
				"GCC_PREPROCESSOR_DEFINITIONS[arch=*]" = (
					"DEBUG=1",
					"$(inherited)",
				);
				GCC_WARN_ABOUT_DEPRECATED_FUNCTIONS = NO;
				INFOPLIST_FILE = "$(SRCROOT)/Dog Age/Animal Age-Info.plist";
				MACOSX_DEPLOYMENT_TARGET = 10.9;
				PRODUCT_NAME = "Animal Age";
				PROVISIONING_PROFILE = "AD05D771-874A-4592-8E62-6EA881A55870";
				WRAPPER_EXTENSION = app;
			};
			name = Debug;
		};
		FC0C088E181D1A7E00E34270 /* Release */ = {
			isa = XCBuildConfiguration;
			buildSettings = {
				CLANG_WARN_DIRECT_OBJC_ISA_USAGE = NO;
				CODE_SIGN_IDENTITY = "Mac Developer";
				"CODE_SIGN_IDENTITY[sdk=macosx*]" = "Mac Developer";
				COMBINE_HIDPI_IMAGES = YES;
				FRAMEWORK_SEARCH_PATHS = (
					"$(inherited)",
					"$(PROJECT_DIR)/Dog\\ Age",
				);
				GCC_PRECOMPILE_PREFIX_HEADER = YES;
				GCC_PREFIX_HEADER = "Dog Age/Dog Age-Prefix.pch";
				GCC_PREPROCESSOR_DEFINITIONS = WEBSITE;
				GCC_WARN_ABOUT_DEPRECATED_FUNCTIONS = NO;
				INFOPLIST_FILE = "$(SRCROOT)/Dog Age/Animal Age-Info.plist";
				MACOSX_DEPLOYMENT_TARGET = 10.9;
				PRODUCT_NAME = "Animal Age";
				PROVISIONING_PROFILE = "AD05D771-874A-4592-8E62-6EA881A55870";
				"PROVISIONING_PROFILE[sdk=macosx*]" = "AD05D771-874A-4592-8E62-6EA881A55870";
				WRAPPER_EXTENSION = app;
			};
			name = Release;
		};
/* End XCBuildConfiguration section */

/* Begin XCConfigurationList section */
		1127099714BBA19C00673DF8 /* Build configuration list for PBXProject "Dog Age" */ = {
			isa = XCConfigurationList;
			buildConfigurations = (
				112709B914BBA19D00673DF8 /* Debug */,
				112709BA14BBA19D00673DF8 /* Release */,
			);
			defaultConfigurationIsVisible = 0;
			defaultConfigurationName = Release;
		};
		112709BB14BBA19D00673DF8 /* Build configuration list for PBXNativeTarget "Animal Age" */ = {
			isa = XCConfigurationList;
			buildConfigurations = (
				112709BC14BBA19D00673DF8 /* Debug */,
				112709BD14BBA19D00673DF8 /* Release */,
			);
			defaultConfigurationIsVisible = 0;
			defaultConfigurationName = Release;
		};
		FC0C088C181D1A7E00E34270 /* Build configuration list for PBXNativeTarget "Animal Age Website" */ = {
			isa = XCConfigurationList;
			buildConfigurations = (
				FC0C088D181D1A7E00E34270 /* Debug */,
				FC0C088E181D1A7E00E34270 /* Release */,
			);
			defaultConfigurationIsVisible = 0;
			defaultConfigurationName = Release;
		};
/* End XCConfigurationList section */
	};
	rootObject = 1127099414BBA19C00673DF8 /* Project object */;
}
