// !$*UTF8*$!
{
	archiveVersion = 1;
	classes = {
	};
	objectVersion = 46;
	objects = {

/* Begin PBXBuildFile section */
		111AECBE14BF842F00653A12 /* WebKit.framework in Frameworks */ = {isa = PBXBuildFile; fileRef = 111AECBD14BF842F00653A12 /* WebKit.framework */; };
		112709A214BBA19C00673DF8 /* Cocoa.framework in Frameworks */ = {isa = PBXBuildFile; fileRef = 112709A114BBA19C00673DF8 /* Cocoa.framework */; };
		112709AC14BBA19C00673DF8 /* InfoPlist.strings in Resources */ = {isa = PBXBuildFile; fileRef = 112709AA14BBA19C00673DF8 /* InfoPlist.strings */; };
		112709B214BBA19C00673DF8 /* Credits.rtf in Resources */ = {isa = PBXBuildFile; fileRef = 112709B014BBA19C00673DF8 /* Credits.rtf */; };
		FC0C0862181D1A7E00E34270 /* WebKit.framework in Frameworks */ = {isa = PBXBuildFile; fileRef = 111AECBD14BF842F00653A12 /* WebKit.framework */; };
		FC0C0863181D1A7E00E34270 /* Cocoa.framework in Frameworks */ = {isa = PBXBuildFile; fileRef = 112709A114BBA19C00673DF8 /* Cocoa.framework */; };
		FC0C0865181D1A7E00E34270 /* InfoPlist.strings in Resources */ = {isa = PBXBuildFile; fileRef = 112709AA14BBA19C00673DF8 /* InfoPlist.strings */; };
		FC0C0866181D1A7E00E34270 /* Credits.rtf in Resources */ = {isa = PBXBuildFile; fileRef = 112709B014BBA19C00673DF8 /* Credits.rtf */; };
		FC1D217819E4D1A6003B3FEB /* OpenFeedback.framework in Frameworks */ = {isa = PBXBuildFile; fileRef = FC1D217519E4D12A003B3FEB /* OpenFeedback.framework */; };
		FC237EFD18A84B3500F16FB8 /* QuartzCore.framework in Frameworks */ = {isa = PBXBuildFile; fileRef = FC70429418A1FC9B00BA87E7 /* QuartzCore.framework */; };
		FC58C41319EB26F200547C23 /* Images.xcassets in Resources */ = {isa = PBXBuildFile; fileRef = FC9D8CFF19E4D059007A1781 /* Images.xcassets */; };
		FC58C41C19EB2B4400547C23 /* NSString+SymlinksAndAliases.m in Sources */ = {isa = PBXBuildFile; fileRef = FC58C41919EB2B4400547C23 /* NSString+SymlinksAndAliases.m */; };
		FC58C41D19EB2B4400547C23 /* NSString+SymlinksAndAliases.m in Sources */ = {isa = PBXBuildFile; fileRef = FC58C41919EB2B4400547C23 /* NSString+SymlinksAndAliases.m */; };
		FC58C41E19EB2B4400547C23 /* PFMoveApplication.m in Sources */ = {isa = PBXBuildFile; fileRef = FC58C41B19EB2B4400547C23 /* PFMoveApplication.m */; };
		FC58C41F19EB2B4400547C23 /* PFMoveApplication.m in Sources */ = {isa = PBXBuildFile; fileRef = FC58C41B19EB2B4400547C23 /* PFMoveApplication.m */; };
		FC58C42219EB2B4B00547C23 /* AMDarkButtonCell.m in Sources */ = {isa = PBXBuildFile; fileRef = FC58C42119EB2B4B00547C23 /* AMDarkButtonCell.m */; };
		FC58C42319EB2B4B00547C23 /* AMDarkButtonCell.m in Sources */ = {isa = PBXBuildFile; fileRef = FC58C42119EB2B4B00547C23 /* AMDarkButtonCell.m */; };
		FC58C42619EB2B5100547C23 /* UAAppReviewManager.m in Sources */ = {isa = PBXBuildFile; fileRef = FC58C42519EB2B5100547C23 /* UAAppReviewManager.m */; settings = {COMPILER_FLAGS = "-fobjc-arc"; }; };
		FC58C42719EB2B5100547C23 /* UAAppReviewManager.m in Sources */ = {isa = PBXBuildFile; fileRef = FC58C42519EB2B5100547C23 /* UAAppReviewManager.m */; settings = {COMPILER_FLAGS = "-fobjc-arc"; }; };
		FC58C43019EB2B7800547C23 /* Dog.m in Sources */ = {isa = PBXBuildFile; fileRef = FC58C42819EB2B7800547C23 /* Dog.m */; };
		FC58C43119EB2B7800547C23 /* Dog.m in Sources */ = {isa = PBXBuildFile; fileRef = FC58C42819EB2B7800547C23 /* Dog.m */; };
		FC58C43219EB2B7800547C23 /* AppDelegate.m in Sources */ = {isa = PBXBuildFile; fileRef = FC58C42919EB2B7800547C23 /* AppDelegate.m */; };
		FC58C43319EB2B7800547C23 /* AppDelegate.m in Sources */ = {isa = PBXBuildFile; fileRef = FC58C42919EB2B7800547C23 /* AppDelegate.m */; };
		FC58C43419EB2B7800547C23 /* topBar.m in Sources */ = {isa = PBXBuildFile; fileRef = FC58C42C19EB2B7800547C23 /* topBar.m */; };
		FC58C43519EB2B7800547C23 /* topBar.m in Sources */ = {isa = PBXBuildFile; fileRef = FC58C42C19EB2B7800547C23 /* topBar.m */; };
		FC58C43619EB2B7800547C23 /* WindowController.m in Sources */ = {isa = PBXBuildFile; fileRef = FC58C42E19EB2B7800547C23 /* WindowController.m */; };
		FC58C43719EB2B7800547C23 /* WindowController.m in Sources */ = {isa = PBXBuildFile; fileRef = FC58C42E19EB2B7800547C23 /* WindowController.m */; };
		FC58C44119EB2BF500547C23 /* main.m in Sources */ = {isa = PBXBuildFile; fileRef = FC58C44019EB2BF500547C23 /* main.m */; };
		FC58C44219EB2BF500547C23 /* main.m in Sources */ = {isa = PBXBuildFile; fileRef = FC58C44019EB2BF500547C23 /* main.m */; };
		FC58C44519EB2C1900547C23 /* index.html in Resources */ = {isa = PBXBuildFile; fileRef = FC58C44319EB2C1900547C23 /* index.html */; };
		FC58C44619EB2C1900547C23 /* index.html in Resources */ = {isa = PBXBuildFile; fileRef = FC58C44319EB2C1900547C23 /* index.html */; };
		FC58C44719EB2C1900547C23 /* jquery-1.7.1.min.js in Resources */ = {isa = PBXBuildFile; fileRef = FC58C44419EB2C1900547C23 /* jquery-1.7.1.min.js */; };
		FC58C44819EB2C1900547C23 /* jquery-1.7.1.min.js in Resources */ = {isa = PBXBuildFile; fileRef = FC58C44419EB2C1900547C23 /* jquery-1.7.1.min.js */; };
		FC70429518A1FC9B00BA87E7 /* QuartzCore.framework in Frameworks */ = {isa = PBXBuildFile; fileRef = FC70429418A1FC9B00BA87E7 /* QuartzCore.framework */; };
		FC8225A819E4D3BB00557F22 /* Sparkle.framework in Resources */ = {isa = PBXBuildFile; fileRef = FC1D217319E4D104003B3FEB /* Sparkle.framework */; };
		FC8225AA19E4D57800557F22 /* OpenFeedback.framework in Resources */ = {isa = PBXBuildFile; fileRef = FC1D217519E4D12A003B3FEB /* OpenFeedback.framework */; };
		FC8225AD19E4D6E100557F22 /* Sparkle.framework in Frameworks */ = {isa = PBXBuildFile; fileRef = FC1D217319E4D104003B3FEB /* Sparkle.framework */; };
		FC8225AE19E4D82E00557F22 /* MainMenuWeb.xib in Resources */ = {isa = PBXBuildFile; fileRef = FC9D8D0519E4D0AB007A1781 /* MainMenuWeb.xib */; };
		FC8225BB19E4E46900557F22 /* SystemConfiguration.framework in Frameworks */ = {isa = PBXBuildFile; fileRef = FC8225BA19E4E46900557F22 /* SystemConfiguration.framework */; };
		FC8225BD19E4E63000557F22 /* SystemConfiguration.framework in Frameworks */ = {isa = PBXBuildFile; fileRef = FC8225BA19E4E46900557F22 /* SystemConfiguration.framework */; };
		FC9D8D0019E4D059007A1781 /* Images.xcassets in Resources */ = {isa = PBXBuildFile; fileRef = FC9D8CFF19E4D059007A1781 /* Images.xcassets */; };
		FC9D8D0419E4D076007A1781 /* MainMenu.xib in Resources */ = {isa = PBXBuildFile; fileRef = FC9D8D0319E4D076007A1781 /* MainMenu.xib */; };
		FCAE348C1B841F5400956348 /* Dog.swift in Sources */ = {isa = PBXBuildFile; fileRef = FCAE348B1B841F5400956348 /* Dog.swift */; };
		FCDAAFF4181D1D11000128E1 /* Security.framework in Frameworks */ = {isa = PBXBuildFile; fileRef = FCDAAFF3181D1D11000128E1 /* Security.framework */; };
		FCDAAFF5181D1D19000128E1 /* Security.framework in Frameworks */ = {isa = PBXBuildFile; fileRef = FCDAAFF3181D1D11000128E1 /* Security.framework */; };
		FCDAAFFD181DB207000128E1 /* dsa_pub.pem in Resources */ = {isa = PBXBuildFile; fileRef = FCDAAFFC181DB207000128E1 /* dsa_pub.pem */; };
		FCEA8B0619EB2C7500D00340 /* Animal Age.entitlements in Resources */ = {isa = PBXBuildFile; fileRef = FC58C41719EB2AD700547C23 /* Animal Age.entitlements */; };
/* End PBXBuildFile section */

/* Begin PBXCopyFilesBuildPhase section */
		FCE527191E5D43B200BA0687 /* Embed App Extensions */ = {
			isa = PBXCopyFilesBuildPhase;
			buildActionMask = 2147483647;
			dstPath = "";
			dstSubfolderSpec = 13;
			files = (
			);
			name = "Embed App Extensions";
			runOnlyForDeploymentPostprocessing = 0;
		};
/* End PBXCopyFilesBuildPhase section */

/* Begin PBXFileReference section */
		111AECBD14BF842F00653A12 /* WebKit.framework */ = {isa = PBXFileReference; lastKnownFileType = wrapper.framework; name = WebKit.framework; path = System/Library/Frameworks/WebKit.framework; sourceTree = SDKROOT; };
		1127099D14BBA19C00673DF8 /* Animal Age.app */ = {isa = PBXFileReference; explicitFileType = wrapper.application; includeInIndex = 0; path = "Animal Age.app"; sourceTree = BUILT_PRODUCTS_DIR; };
		112709A114BBA19C00673DF8 /* Cocoa.framework */ = {isa = PBXFileReference; lastKnownFileType = wrapper.framework; name = Cocoa.framework; path = System/Library/Frameworks/Cocoa.framework; sourceTree = SDKROOT; };
		112709A414BBA19C00673DF8 /* AppKit.framework */ = {isa = PBXFileReference; lastKnownFileType = wrapper.framework; name = AppKit.framework; path = System/Library/Frameworks/AppKit.framework; sourceTree = SDKROOT; };
		112709A514BBA19C00673DF8 /* CoreData.framework */ = {isa = PBXFileReference; lastKnownFileType = wrapper.framework; name = CoreData.framework; path = System/Library/Frameworks/CoreData.framework; sourceTree = SDKROOT; };
		112709A614BBA19C00673DF8 /* Foundation.framework */ = {isa = PBXFileReference; lastKnownFileType = wrapper.framework; name = Foundation.framework; path = System/Library/Frameworks/Foundation.framework; sourceTree = SDKROOT; };
		112709AB14BBA19C00673DF8 /* en */ = {isa = PBXFileReference; lastKnownFileType = text.plist.strings; name = en; path = en.lproj/InfoPlist.strings; sourceTree = "<group>"; };
		112709B114BBA19C00673DF8 /* en */ = {isa = PBXFileReference; lastKnownFileType = text.rtf; name = en; path = en.lproj/Credits.rtf; sourceTree = "<group>"; };
		FC0C088F181D1A7E00E34270 /* Animal Age.app */ = {isa = PBXFileReference; explicitFileType = wrapper.application; includeInIndex = 0; path = "Animal Age.app"; sourceTree = BUILT_PRODUCTS_DIR; };
		FC1D217319E4D104003B3FEB /* Sparkle.framework */ = {isa = PBXFileReference; lastKnownFileType = wrapper.framework; name = Sparkle.framework; path = "Dog Age/Sparkle.framework"; sourceTree = "<group>"; };
		FC1D217519E4D12A003B3FEB /* OpenFeedback.framework */ = {isa = PBXFileReference; lastKnownFileType = wrapper.framework; name = OpenFeedback.framework; path = "Dog Age/OpenFeedback.framework"; sourceTree = "<group>"; };
		FC58C41719EB2AD700547C23 /* Animal Age.entitlements */ = {isa = PBXFileReference; lastKnownFileType = text.xml; path = "Animal Age.entitlements"; sourceTree = "<group>"; };
		FC58C41819EB2B4400547C23 /* NSString+SymlinksAndAliases.h */ = {isa = PBXFileReference; fileEncoding = 4; lastKnownFileType = sourcecode.c.h; name = "NSString+SymlinksAndAliases.h"; path = "classes/LetsMove/NSString+SymlinksAndAliases.h"; sourceTree = "<group>"; };
		FC58C41919EB2B4400547C23 /* NSString+SymlinksAndAliases.m */ = {isa = PBXFileReference; fileEncoding = 4; lastKnownFileType = sourcecode.c.objc; name = "NSString+SymlinksAndAliases.m"; path = "classes/LetsMove/NSString+SymlinksAndAliases.m"; sourceTree = "<group>"; };
		FC58C41A19EB2B4400547C23 /* PFMoveApplication.h */ = {isa = PBXFileReference; fileEncoding = 4; lastKnownFileType = sourcecode.c.h; name = PFMoveApplication.h; path = classes/LetsMove/PFMoveApplication.h; sourceTree = "<group>"; };
		FC58C41B19EB2B4400547C23 /* PFMoveApplication.m */ = {isa = PBXFileReference; fileEncoding = 4; lastKnownFileType = sourcecode.c.objc; name = PFMoveApplication.m; path = classes/LetsMove/PFMoveApplication.m; sourceTree = "<group>"; };
		FC58C42019EB2B4B00547C23 /* AMDarkButtonCell.h */ = {isa = PBXFileReference; fileEncoding = 4; lastKnownFileType = sourcecode.c.h; name = AMDarkButtonCell.h; path = classes/CustomButton/AMDarkButtonCell.h; sourceTree = "<group>"; };
		FC58C42119EB2B4B00547C23 /* AMDarkButtonCell.m */ = {isa = PBXFileReference; fileEncoding = 4; lastKnownFileType = sourcecode.c.objc; name = AMDarkButtonCell.m; path = classes/CustomButton/AMDarkButtonCell.m; sourceTree = "<group>"; };
		FC58C42419EB2B5100547C23 /* UAAppReviewManager.h */ = {isa = PBXFileReference; fileEncoding = 4; lastKnownFileType = sourcecode.c.h; name = UAAppReviewManager.h; path = classes/UAAppReview/UAAppReviewManager.h; sourceTree = "<group>"; };
		FC58C42519EB2B5100547C23 /* UAAppReviewManager.m */ = {isa = PBXFileReference; fileEncoding = 4; lastKnownFileType = sourcecode.c.objc; name = UAAppReviewManager.m; path = classes/UAAppReview/UAAppReviewManager.m; sourceTree = "<group>"; };
		FC58C42819EB2B7800547C23 /* Dog.m */ = {isa = PBXFileReference; fileEncoding = 4; lastKnownFileType = sourcecode.c.objc; name = Dog.m; path = classes/Dog.m; sourceTree = "<group>"; };
		FC58C42919EB2B7800547C23 /* AppDelegate.m */ = {isa = PBXFileReference; fileEncoding = 4; lastKnownFileType = sourcecode.c.objc; name = AppDelegate.m; path = classes/AppDelegate.m; sourceTree = "<group>"; };
		FC58C42A19EB2B7800547C23 /* AppDelegate.h */ = {isa = PBXFileReference; fileEncoding = 4; lastKnownFileType = sourcecode.c.h; name = AppDelegate.h; path = classes/AppDelegate.h; sourceTree = "<group>"; };
		FC58C42B19EB2B7800547C23 /* Dog.h */ = {isa = PBXFileReference; fileEncoding = 4; lastKnownFileType = sourcecode.c.h; name = Dog.h; path = classes/Dog.h; sourceTree = "<group>"; };
		FC58C42C19EB2B7800547C23 /* topBar.m */ = {isa = PBXFileReference; fileEncoding = 4; lastKnownFileType = sourcecode.c.objc; name = topBar.m; path = classes/topBar.m; sourceTree = "<group>"; };
		FC58C42D19EB2B7800547C23 /* topBar.h */ = {isa = PBXFileReference; fileEncoding = 4; lastKnownFileType = sourcecode.c.h; name = topBar.h; path = classes/topBar.h; sourceTree = "<group>"; };
		FC58C42E19EB2B7800547C23 /* WindowController.m */ = {isa = PBXFileReference; fileEncoding = 4; lastKnownFileType = sourcecode.c.objc; name = WindowController.m; path = classes/WindowController.m; sourceTree = "<group>"; };
		FC58C42F19EB2B7800547C23 /* WindowController.h */ = {isa = PBXFileReference; fileEncoding = 4; lastKnownFileType = sourcecode.c.h; name = WindowController.h; path = classes/WindowController.h; sourceTree = "<group>"; };
		FC58C43819EB2BC900547C23 /* Animal Age-Info.plist */ = {isa = PBXFileReference; fileEncoding = 4; lastKnownFileType = text.plist.xml; name = "Animal Age-Info.plist"; path = "plist/Animal Age-Info.plist"; sourceTree = "<group>"; };
		FC58C43919EB2BC900547C23 /* Dog Age-Info.plist */ = {isa = PBXFileReference; fileEncoding = 4; lastKnownFileType = text.plist.xml; name = "Dog Age-Info.plist"; path = "plist/Dog Age-Info.plist"; sourceTree = "<group>"; };
		FC58C43F19EB2BF500547C23 /* Dog Age-Prefix.pch */ = {isa = PBXFileReference; fileEncoding = 4; lastKnownFileType = sourcecode.c.h; name = "Dog Age-Prefix.pch"; path = "classes/Dog Age-Prefix.pch"; sourceTree = "<group>"; };
		FC58C44019EB2BF500547C23 /* main.m */ = {isa = PBXFileReference; fileEncoding = 4; lastKnownFileType = sourcecode.c.objc; name = main.m; path = classes/main.m; sourceTree = "<group>"; };
		FC58C44319EB2C1900547C23 /* index.html */ = {isa = PBXFileReference; fileEncoding = 4; lastKnownFileType = text.html; name = index.html; path = htdocs/index.html; sourceTree = "<group>"; };
		FC58C44419EB2C1900547C23 /* jquery-1.7.1.min.js */ = {isa = PBXFileReference; fileEncoding = 4; lastKnownFileType = sourcecode.javascript; name = "jquery-1.7.1.min.js"; path = "htdocs/jquery-1.7.1.min.js"; sourceTree = "<group>"; };
		FC70429418A1FC9B00BA87E7 /* QuartzCore.framework */ = {isa = PBXFileReference; lastKnownFileType = wrapper.framework; name = QuartzCore.framework; path = System/Library/Frameworks/QuartzCore.framework; sourceTree = SDKROOT; };
		FC8225BA19E4E46900557F22 /* SystemConfiguration.framework */ = {isa = PBXFileReference; lastKnownFileType = wrapper.framework; name = SystemConfiguration.framework; path = System/Library/Frameworks/SystemConfiguration.framework; sourceTree = SDKROOT; };
		FC9D8CFF19E4D059007A1781 /* Images.xcassets */ = {isa = PBXFileReference; lastKnownFileType = folder.assetcatalog; name = Images.xcassets; path = "Dog Age/Images.xcassets"; sourceTree = "<group>"; };
		FC9D8D0319E4D076007A1781 /* MainMenu.xib */ = {isa = PBXFileReference; fileEncoding = 4; lastKnownFileType = file.xib; path = MainMenu.xib; sourceTree = "<group>"; };
		FC9D8D0519E4D0AB007A1781 /* MainMenuWeb.xib */ = {isa = PBXFileReference; fileEncoding = 4; lastKnownFileType = file.xib; path = MainMenuWeb.xib; sourceTree = "<group>"; };
		FCAE348A1B841F5300956348 /* Animal Age-Bridging-Header.h */ = {isa = PBXFileReference; lastKnownFileType = sourcecode.c.h; path = "Animal Age-Bridging-Header.h"; sourceTree = "<group>"; };
		FCAE348B1B841F5400956348 /* Dog.swift */ = {isa = PBXFileReference; fileEncoding = 4; lastKnownFileType = sourcecode.swift; name = Dog.swift; path = classes/Dog.swift; sourceTree = "<group>"; };
		FCDAAFF3181D1D11000128E1 /* Security.framework */ = {isa = PBXFileReference; lastKnownFileType = wrapper.framework; name = Security.framework; path = System/Library/Frameworks/Security.framework; sourceTree = SDKROOT; };
		FCDAAFFC181DB207000128E1 /* dsa_pub.pem */ = {isa = PBXFileReference; fileEncoding = 4; lastKnownFileType = text; path = dsa_pub.pem; sourceTree = "<group>"; };
		FCE527041E5D43B100BA0687 /* NotificationCenter.framework */ = {isa = PBXFileReference; lastKnownFileType = wrapper.framework; name = NotificationCenter.framework; path = System/Library/Frameworks/NotificationCenter.framework; sourceTree = SDKROOT; };
/* End PBXFileReference section */

/* Begin PBXFrameworksBuildPhase section */
		1127099A14BBA19C00673DF8 /* Frameworks */ = {
			isa = PBXFrameworksBuildPhase;
			buildActionMask = 2147483647;
			files = (
				FC8225BD19E4E63000557F22 /* SystemConfiguration.framework in Frameworks */,
				FC70429518A1FC9B00BA87E7 /* QuartzCore.framework in Frameworks */,
				FCDAAFF4181D1D11000128E1 /* Security.framework in Frameworks */,
				111AECBE14BF842F00653A12 /* WebKit.framework in Frameworks */,
				112709A214BBA19C00673DF8 /* Cocoa.framework in Frameworks */,
			);
			runOnlyForDeploymentPostprocessing = 0;
		};
		FC0C0861181D1A7E00E34270 /* Frameworks */ = {
			isa = PBXFrameworksBuildPhase;
			buildActionMask = 2147483647;
			files = (
				FC8225BB19E4E46900557F22 /* SystemConfiguration.framework in Frameworks */,
				FC8225AD19E4D6E100557F22 /* Sparkle.framework in Frameworks */,
				FC237EFD18A84B3500F16FB8 /* QuartzCore.framework in Frameworks */,
				FCDAAFF5181D1D19000128E1 /* Security.framework in Frameworks */,
				FC0C0862181D1A7E00E34270 /* WebKit.framework in Frameworks */,
				FC0C0863181D1A7E00E34270 /* Cocoa.framework in Frameworks */,
				FC1D217819E4D1A6003B3FEB /* OpenFeedback.framework in Frameworks */,
			);
			runOnlyForDeploymentPostprocessing = 0;
		};
/* End PBXFrameworksBuildPhase section */

/* Begin PBXGroup section */
		1127099214BBA19C00673DF8 = {
			isa = PBXGroup;
			children = (
				FC58C41719EB2AD700547C23 /* Animal Age.entitlements */,
				FC9D8CFF19E4D059007A1781 /* Images.xcassets */,
				112709A714BBA19C00673DF8 /* Dog Age */,
				112709A014BBA19C00673DF8 /* Frameworks */,
				1127099E14BBA19C00673DF8 /* Products */,
			);
			sourceTree = "<group>";
		};
		1127099E14BBA19C00673DF8 /* Products */ = {
			isa = PBXGroup;
			children = (
				1127099D14BBA19C00673DF8 /* Animal Age.app */,
				FC0C088F181D1A7E00E34270 /* Animal Age.app */,
			);
			name = Products;
			sourceTree = "<group>";
		};
		112709A014BBA19C00673DF8 /* Frameworks */ = {
			isa = PBXGroup;
			children = (
				FC8225BA19E4E46900557F22 /* SystemConfiguration.framework */,
				FC1D217319E4D104003B3FEB /* Sparkle.framework */,
				FC1D217519E4D12A003B3FEB /* OpenFeedback.framework */,
				FC70429418A1FC9B00BA87E7 /* QuartzCore.framework */,
				FCDAAFF3181D1D11000128E1 /* Security.framework */,
				111AECBD14BF842F00653A12 /* WebKit.framework */,
				112709A114BBA19C00673DF8 /* Cocoa.framework */,
				FCE527041E5D43B100BA0687 /* NotificationCenter.framework */,
				112709A314BBA19C00673DF8 /* Other Frameworks */,
			);
			name = Frameworks;
			sourceTree = "<group>";
		};
		112709A314BBA19C00673DF8 /* Other Frameworks */ = {
			isa = PBXGroup;
			children = (
				112709A414BBA19C00673DF8 /* AppKit.framework */,
				112709A514BBA19C00673DF8 /* CoreData.framework */,
				112709A614BBA19C00673DF8 /* Foundation.framework */,
			);
			name = "Other Frameworks";
			sourceTree = "<group>";
		};
		112709A714BBA19C00673DF8 /* Dog Age */ = {
			isa = PBXGroup;
			children = (
				FCEFEABC18B16F93008B33B8 /* Classes */,
				FC7D32F816DC847A00689DC8 /* resources */,
				11C3EE8514BF9C77003C96AE /* htdocs */,
				112709A814BBA19C00673DF8 /* Supporting Files */,
			);
			path = "Dog Age";
			sourceTree = "<group>";
		};
		112709A814BBA19C00673DF8 /* Supporting Files */ = {
			isa = PBXGroup;
			children = (
				FC58C43F19EB2BF500547C23 /* Dog Age-Prefix.pch */,
				FC58C44019EB2BF500547C23 /* main.m */,
				FC58C43E19EB2BCE00547C23 /* PLIST */,
				112709AA14BBA19C00673DF8 /* InfoPlist.strings */,
				112709B014BBA19C00673DF8 /* Credits.rtf */,
			);
			name = "Supporting Files";
			sourceTree = "<group>";
		};
		11C3EE8514BF9C77003C96AE /* htdocs */ = {
			isa = PBXGroup;
			children = (
				FC58C44319EB2C1900547C23 /* index.html */,
				FC58C44419EB2C1900547C23 /* jquery-1.7.1.min.js */,
			);
			name = htdocs;
			sourceTree = "<group>";
		};
		FC0C0899181D1BDC00E34270 /* Lets Move */ = {
			isa = PBXGroup;
			children = (
				FC58C41819EB2B4400547C23 /* NSString+SymlinksAndAliases.h */,
				FC58C41919EB2B4400547C23 /* NSString+SymlinksAndAliases.m */,
				FC58C41A19EB2B4400547C23 /* PFMoveApplication.h */,
				FC58C41B19EB2B4400547C23 /* PFMoveApplication.m */,
			);
			name = "Lets Move";
			sourceTree = "<group>";
		};
		FC58C43E19EB2BCE00547C23 /* PLIST */ = {
			isa = PBXGroup;
			children = (
				FC58C43819EB2BC900547C23 /* Animal Age-Info.plist */,
				FC58C43919EB2BC900547C23 /* Dog Age-Info.plist */,
			);
			name = PLIST;
			sourceTree = "<group>";
		};
		FC7D32F816DC847A00689DC8 /* resources */ = {
			isa = PBXGroup;
			children = (
				FCDAAFFC181DB207000128E1 /* dsa_pub.pem */,
				FC9D8D0319E4D076007A1781 /* MainMenu.xib */,
				FC9D8D0519E4D0AB007A1781 /* MainMenuWeb.xib */,
			);
			name = resources;
			sourceTree = "<group>";
		};
		FC8225B619E4E2A100557F22 /* UAAppReview */ = {
			isa = PBXGroup;
			children = (
				FC58C42419EB2B5100547C23 /* UAAppReviewManager.h */,
				FC58C42519EB2B5100547C23 /* UAAppReviewManager.m */,
			);
			name = UAAppReview;
			sourceTree = "<group>";
		};
		FC85597419E25BF400F18EAD /* Custom Button */ = {
			isa = PBXGroup;
			children = (
				FC58C42019EB2B4B00547C23 /* AMDarkButtonCell.h */,
				FC58C42119EB2B4B00547C23 /* AMDarkButtonCell.m */,
			);
			name = "Custom Button";
			sourceTree = "<group>";
		};
		FCEFEABB18B16F75008B33B8 /* Premade Classes */ = {
			isa = PBXGroup;
			children = (
				FC8225B619E4E2A100557F22 /* UAAppReview */,
				FC85597419E25BF400F18EAD /* Custom Button */,
				FC0C0899181D1BDC00E34270 /* Lets Move */,
			);
			name = "Premade Classes";
			sourceTree = "<group>";
		};
		FCEFEABC18B16F93008B33B8 /* Classes */ = {
			isa = PBXGroup;
			children = (
				FCAE348B1B841F5400956348 /* Dog.swift */,
				FC58C42819EB2B7800547C23 /* Dog.m */,
				FC58C42B19EB2B7800547C23 /* Dog.h */,
				FC58C42919EB2B7800547C23 /* AppDelegate.m */,
				FC58C42A19EB2B7800547C23 /* AppDelegate.h */,
				FC58C42C19EB2B7800547C23 /* topBar.m */,
				FC58C42D19EB2B7800547C23 /* topBar.h */,
				FC58C42E19EB2B7800547C23 /* WindowController.m */,
				FC58C42F19EB2B7800547C23 /* WindowController.h */,
				FCEFEABB18B16F75008B33B8 /* Premade Classes */,
				FCAE348A1B841F5300956348 /* Animal Age-Bridging-Header.h */,
			);
			name = Classes;
			sourceTree = "<group>";
		};
/* End PBXGroup section */

/* Begin PBXNativeTarget section */
		1127099C14BBA19C00673DF8 /* Animal Age */ = {
			isa = PBXNativeTarget;
			buildConfigurationList = 112709BB14BBA19D00673DF8 /* Build configuration list for PBXNativeTarget "Animal Age" */;
			buildPhases = (
				1127099914BBA19C00673DF8 /* Sources */,
				1127099A14BBA19C00673DF8 /* Frameworks */,
				1127099B14BBA19C00673DF8 /* Resources */,
				FCE527191E5D43B200BA0687 /* Embed App Extensions */,
			);
			buildRules = (
			);
			dependencies = (
			);
			name = "Animal Age";
			productName = "Dog Age";
			productReference = 1127099D14BBA19C00673DF8 /* Animal Age.app */;
			productType = "com.apple.product-type.application";
		};
		FC0C0857181D1A7E00E34270 /* Animal Age Website */ = {
			isa = PBXNativeTarget;
			buildConfigurationList = FC0C088C181D1A7E00E34270 /* Build configuration list for PBXNativeTarget "Animal Age Website" */;
			buildPhases = (
				FC0C0858181D1A7E00E34270 /* Sources */,
				FC0C0861181D1A7E00E34270 /* Frameworks */,
				FC0C0864181D1A7E00E34270 /* Resources */,
			);
			buildRules = (
			);
			dependencies = (
			);
			name = "Animal Age Website";
			productName = "Dog Age";
			productReference = FC0C088F181D1A7E00E34270 /* Animal Age.app */;
			productType = "com.apple.product-type.application";
		};
/* End PBXNativeTarget section */

/* Begin PBXProject section */
		1127099414BBA19C00673DF8 /* Project object */ = {
			isa = PBXProject;
			attributes = {
				LastSwiftUpdateCheck = 0720;
				LastUpgradeCheck = 0820;
				ORGANIZATIONNAME = JBD;
				TargetAttributes = {
					1127099C14BBA19C00673DF8 = {
						DevelopmentTeam = 2D4Z7WQ7RS;
						LastSwiftMigration = 0800;
						SystemCapabilities = {
							com.apple.Sandbox = {
								enabled = 1;
							};
						};
					};
					FC0C0857181D1A7E00E34270 = {
						DevelopmentTeam = 2D4Z7WQ7RS;
						SystemCapabilities = {
							com.apple.InAppPurchase = {
								enabled = 0;
							};
							com.apple.Sandbox = {
								enabled = 0;
							};
						};
					};
				};
			};
			buildConfigurationList = 1127099714BBA19C00673DF8 /* Build configuration list for PBXProject "Dog Age" */;
			compatibilityVersion = "Xcode 3.2";
			developmentRegion = English;
			hasScannedForEncodings = 0;
			knownRegions = (
				en,
				ja,
				Base,
			);
			mainGroup = 1127099214BBA19C00673DF8;
			productRefGroup = 1127099E14BBA19C00673DF8 /* Products */;
			projectDirPath = "";
			projectRoot = "";
			targets = (
				1127099C14BBA19C00673DF8 /* Animal Age */,
				FC0C0857181D1A7E00E34270 /* Animal Age Website */,
			);
		};
/* End PBXProject section */

/* Begin PBXResourcesBuildPhase section */
		1127099B14BBA19C00673DF8 /* Resources */ = {
			isa = PBXResourcesBuildPhase;
			buildActionMask = 2147483647;
			files = (
				112709AC14BBA19C00673DF8 /* InfoPlist.strings in Resources */,
				112709B214BBA19C00673DF8 /* Credits.rtf in Resources */,
				FCEA8B0619EB2C7500D00340 /* Animal Age.entitlements in Resources */,
				FC58C44519EB2C1900547C23 /* index.html in Resources */,
				FC58C44719EB2C1900547C23 /* jquery-1.7.1.min.js in Resources */,
				FC9D8D0019E4D059007A1781 /* Images.xcassets in Resources */,
				FC9D8D0419E4D076007A1781 /* MainMenu.xib in Resources */,
			);
			runOnlyForDeploymentPostprocessing = 0;
		};
		FC0C0864181D1A7E00E34270 /* Resources */ = {
			isa = PBXResourcesBuildPhase;
			buildActionMask = 2147483647;
			files = (
				FC8225AA19E4D57800557F22 /* OpenFeedback.framework in Resources */,
				FC8225A819E4D3BB00557F22 /* Sparkle.framework in Resources */,
				FC0C0865181D1A7E00E34270 /* InfoPlist.strings in Resources */,
				FC58C44819EB2C1900547C23 /* jquery-1.7.1.min.js in Resources */,
				FC0C0866181D1A7E00E34270 /* Credits.rtf in Resources */,
				FCDAAFFD181DB207000128E1 /* dsa_pub.pem in Resources */,
				FC8225AE19E4D82E00557F22 /* MainMenuWeb.xib in Resources */,
				FC58C41319EB26F200547C23 /* Images.xcassets in Resources */,
				FC58C44619EB2C1900547C23 /* index.html in Resources */,
			);
			runOnlyForDeploymentPostprocessing = 0;
		};
/* End PBXResourcesBuildPhase section */

/* Begin PBXSourcesBuildPhase section */
		1127099914BBA19C00673DF8 /* Sources */ = {
			isa = PBXSourcesBuildPhase;
			buildActionMask = 2147483647;
			files = (
				FC58C44119EB2BF500547C23 /* main.m in Sources */,
				FC58C43219EB2B7800547C23 /* AppDelegate.m in Sources */,
				FC58C41C19EB2B4400547C23 /* NSString+SymlinksAndAliases.m in Sources */,
				FC58C42619EB2B5100547C23 /* UAAppReviewManager.m in Sources */,
				FC58C43619EB2B7800547C23 /* WindowController.m in Sources */,
				FC58C43019EB2B7800547C23 /* Dog.m in Sources */,
				FC58C42219EB2B4B00547C23 /* AMDarkButtonCell.m in Sources */,
				FC58C41E19EB2B4400547C23 /* PFMoveApplication.m in Sources */,
				FCAE348C1B841F5400956348 /* Dog.swift in Sources */,
				FC58C43419EB2B7800547C23 /* topBar.m in Sources */,
			);
			runOnlyForDeploymentPostprocessing = 0;
		};
		FC0C0858181D1A7E00E34270 /* Sources */ = {
			isa = PBXSourcesBuildPhase;
			buildActionMask = 2147483647;
			files = (
				FC58C44219EB2BF500547C23 /* main.m in Sources */,
				FC58C43319EB2B7800547C23 /* AppDelegate.m in Sources */,
				FC58C41D19EB2B4400547C23 /* NSString+SymlinksAndAliases.m in Sources */,
				FC58C42719EB2B5100547C23 /* UAAppReviewManager.m in Sources */,
				FC58C43719EB2B7800547C23 /* WindowController.m in Sources */,
				FC58C43119EB2B7800547C23 /* Dog.m in Sources */,
				FC58C42319EB2B4B00547C23 /* AMDarkButtonCell.m in Sources */,
				FC58C41F19EB2B4400547C23 /* PFMoveApplication.m in Sources */,
				FC58C43519EB2B7800547C23 /* topBar.m in Sources */,
			);
			runOnlyForDeploymentPostprocessing = 0;
		};
/* End PBXSourcesBuildPhase section */

/* Begin PBXVariantGroup section */
		112709AA14BBA19C00673DF8 /* InfoPlist.strings */ = {
			isa = PBXVariantGroup;
			children = (
				112709AB14BBA19C00673DF8 /* en */,
			);
			name = InfoPlist.strings;
			sourceTree = "<group>";
		};
		112709B014BBA19C00673DF8 /* Credits.rtf */ = {
			isa = PBXVariantGroup;
			children = (
				112709B114BBA19C00673DF8 /* en */,
			);
			name = Credits.rtf;
			sourceTree = "<group>";
		};
/* End PBXVariantGroup section */

/* Begin XCBuildConfiguration section */
		112709B914BBA19D00673DF8 /* Debug */ = {
			isa = XCBuildConfiguration;
			buildSettings = {
				ALWAYS_SEARCH_USER_PATHS = NO;
				CLANG_ANALYZER_LOCALIZABILITY_NONLOCALIZED = YES;
				CLANG_WARN_BOOL_CONVERSION = YES;
				CLANG_WARN_CONSTANT_CONVERSION = YES;
				CLANG_WARN_EMPTY_BODY = YES;
				CLANG_WARN_ENUM_CONVERSION = YES;
				CLANG_WARN_INFINITE_RECURSION = YES;
				CLANG_WARN_INT_CONVERSION = YES;
				CLANG_WARN_SUSPICIOUS_MOVE = YES;
				CLANG_WARN_UNREACHABLE_CODE = YES;
				CLANG_WARN__DUPLICATE_METHOD_MATCH = YES;
				COPY_PHASE_STRIP = NO;
				ENABLE_STRICT_OBJC_MSGSEND = YES;
				ENABLE_TESTABILITY = YES;
				GCC_C_LANGUAGE_STANDARD = gnu99;
				GCC_DYNAMIC_NO_PIC = NO;
				GCC_ENABLE_OBJC_EXCEPTIONS = YES;
				GCC_NO_COMMON_BLOCKS = YES;
				GCC_OPTIMIZATION_LEVEL = 0;
				GCC_PREPROCESSOR_DEFINITIONS = (
					"DEBUG=1",
					"$(inherited)",
				);
				GCC_SYMBOLS_PRIVATE_EXTERN = NO;
				GCC_VERSION = com.apple.compilers.llvm.clang.1_0;
				GCC_WARN_64_TO_32_BIT_CONVERSION = YES;
				GCC_WARN_ABOUT_MISSING_PROTOTYPES = YES;
				GCC_WARN_ABOUT_RETURN_TYPE = YES;
				GCC_WARN_UNDECLARED_SELECTOR = YES;
				GCC_WARN_UNINITIALIZED_AUTOS = YES;
				GCC_WARN_UNUSED_FUNCTION = YES;
				GCC_WARN_UNUSED_VARIABLE = YES;
				MACOSX_DEPLOYMENT_TARGET = 10.12;
				ONLY_ACTIVE_ARCH = YES;
				SDKROOT = macosx;
			};
			name = Debug;
		};
		112709BA14BBA19D00673DF8 /* Release */ = {
			isa = XCBuildConfiguration;
			buildSettings = {
				ALWAYS_SEARCH_USER_PATHS = NO;
				CLANG_ANALYZER_LOCALIZABILITY_NONLOCALIZED = YES;
				CLANG_WARN_BOOL_CONVERSION = YES;
				CLANG_WARN_CONSTANT_CONVERSION = YES;
				CLANG_WARN_EMPTY_BODY = YES;
				CLANG_WARN_ENUM_CONVERSION = YES;
				CLANG_WARN_INFINITE_RECURSION = YES;
				CLANG_WARN_INT_CONVERSION = YES;
				CLANG_WARN_SUSPICIOUS_MOVE = YES;
				CLANG_WARN_UNREACHABLE_CODE = YES;
				CLANG_WARN__DUPLICATE_METHOD_MATCH = YES;
				COPY_PHASE_STRIP = YES;
				DEBUG_INFORMATION_FORMAT = "dwarf-with-dsym";
				ENABLE_STRICT_OBJC_MSGSEND = YES;
				GCC_C_LANGUAGE_STANDARD = gnu99;
				GCC_ENABLE_OBJC_EXCEPTIONS = YES;
				GCC_NO_COMMON_BLOCKS = YES;
				GCC_VERSION = com.apple.compilers.llvm.clang.1_0;
				GCC_WARN_64_TO_32_BIT_CONVERSION = YES;
				GCC_WARN_ABOUT_MISSING_PROTOTYPES = YES;
				GCC_WARN_ABOUT_RETURN_TYPE = YES;
				GCC_WARN_UNDECLARED_SELECTOR = YES;
				GCC_WARN_UNINITIALIZED_AUTOS = YES;
				GCC_WARN_UNUSED_FUNCTION = YES;
				GCC_WARN_UNUSED_VARIABLE = YES;
				MACOSX_DEPLOYMENT_TARGET = 10.12;
				SDKROOT = macosx;
				SWIFT_OPTIMIZATION_LEVEL = "-Owholemodule";
			};
			name = Release;
		};
		112709BC14BBA19D00673DF8 /* Debug */ = {
			isa = XCBuildConfiguration;
			buildSettings = {
				ASSETCATALOG_COMPILER_APPICON_NAME = AppIcon;
				CLANG_ENABLE_MODULES = YES;
				CLANG_WARN_DIRECT_OBJC_ISA_USAGE = NO;
				CODE_SIGN_ENTITLEMENTS = "Animal Age.entitlements";
				CODE_SIGN_IDENTITY = "Mac Developer";
				"CODE_SIGN_IDENTITY[sdk=macosx*]" = "Mac Developer";
				COMBINE_HIDPI_IMAGES = YES;
				FRAMEWORK_SEARCH_PATHS = (
					"$(inherited)",
					"$(PROJECT_DIR)/Dog\\ Age",
				);
				GCC_PRECOMPILE_PREFIX_HEADER = YES;
				GCC_PREFIX_HEADER = "Dog Age/classes/Dog Age-Prefix.pch";
				GCC_WARN_ABOUT_DEPRECATED_FUNCTIONS = NO;
				INFOPLIST_FILE = "Dog Age/plist/Dog Age-Info.plist";
				LD_RUNPATH_SEARCH_PATHS = "$(inherited) @executable_path/../Frameworks";
				MACOSX_DEPLOYMENT_TARGET = 10.12;
				PRODUCT_BUNDLE_IDENTIFIER = "com.jonbrown.org.${PRODUCT_NAME:rfc1034identifier}";
				PRODUCT_NAME = "$(TARGET_NAME)";
				PROVISIONING_PROFILE = "";
				SWIFT_OBJC_BRIDGING_HEADER = "Dog Age/Animal Age-Bridging-Header.h";
				SWIFT_OPTIMIZATION_LEVEL = "-Onone";
				SWIFT_VERSION = 3.0;
				WRAPPER_EXTENSION = app;
			};
			name = Debug;
		};
		112709BD14BBA19D00673DF8 /* Release */ = {
			isa = XCBuildConfiguration;
			buildSettings = {
				ASSETCATALOG_COMPILER_APPICON_NAME = AppIcon;
				CLANG_ENABLE_MODULES = YES;
				CLANG_WARN_DIRECT_OBJC_ISA_USAGE = NO;
				CODE_SIGN_ENTITLEMENTS = "Animal Age.entitlements";
				CODE_SIGN_IDENTITY = "Mac Developer";
				"CODE_SIGN_IDENTITY[sdk=macosx*]" = "Mac Developer";
				COMBINE_HIDPI_IMAGES = YES;
				FRAMEWORK_SEARCH_PATHS = (
					"$(inherited)",
					"$(PROJECT_DIR)/Dog\\ Age",
				);
				GCC_PRECOMPILE_PREFIX_HEADER = YES;
				GCC_PREFIX_HEADER = "Dog Age/classes/Dog Age-Prefix.pch";
				GCC_WARN_ABOUT_DEPRECATED_FUNCTIONS = NO;
				INFOPLIST_FILE = "Dog Age/plist/Dog Age-Info.plist";
				LD_RUNPATH_SEARCH_PATHS = "$(inherited) @executable_path/../Frameworks";
				MACOSX_DEPLOYMENT_TARGET = 10.12;
				PRODUCT_BUNDLE_IDENTIFIER = "com.jonbrown.org.${PRODUCT_NAME:rfc1034identifier}";
				PRODUCT_NAME = "$(TARGET_NAME)";
				PROVISIONING_PROFILE = "";
				"PROVISIONING_PROFILE[sdk=macosx*]" = "";
				SWIFT_OBJC_BRIDGING_HEADER = "Dog Age/Animal Age-Bridging-Header.h";
				SWIFT_VERSION = 3.0;
				WRAPPER_EXTENSION = app;
			};
			name = Release;
		};
		FC0C088D181D1A7E00E34270 /* Debug */ = {
			isa = XCBuildConfiguration;
			buildSettings = {
				ASSETCATALOG_COMPILER_APPICON_NAME = AppIcon;
				CLANG_WARN_DIRECT_OBJC_ISA_USAGE = NO;
				CODE_SIGN_IDENTITY = "Mac Developer";
				"CODE_SIGN_IDENTITY[sdk=macosx*]" = "Mac Developer";
				COMBINE_HIDPI_IMAGES = YES;
				DEVELOPMENT_TEAM = 2D4Z7WQ7RS;
				FRAMEWORK_SEARCH_PATHS = (
					"$(inherited)",
					"$(PROJECT_DIR)/Dog\\ Age",
				);
				GCC_PRECOMPILE_PREFIX_HEADER = YES;
				GCC_PREFIX_HEADER = "Dog Age/classes/Dog Age-Prefix.pch";
				GCC_PREPROCESSOR_DEFINITIONS = (
					"DEBUG=1",
					"$(inherited)",
					WEBSITE,
				);
				"GCC_PREPROCESSOR_DEFINITIONS[arch=*]" = (
					"DEBUG=1",
					"$(inherited)",
				);
				GCC_WARN_ABOUT_DEPRECATED_FUNCTIONS = NO;
				INFOPLIST_FILE = "$(SRCROOT)/Dog Age/plist/Animal Age-Info.plist";
				MACOSX_DEPLOYMENT_TARGET = 10.11;
				PRODUCT_BUNDLE_IDENTIFIER = "com.jonbrown.org.Animal-Age";
				PRODUCT_NAME = "Animal Age";
				PROVISIONING_PROFILE = "";
				WRAPPER_EXTENSION = app;
			};
			name = Debug;
		};
		FC0C088E181D1A7E00E34270 /* Release */ = {
			isa = XCBuildConfiguration;
			buildSettings = {
				ASSETCATALOG_COMPILER_APPICON_NAME = AppIcon;
				CLANG_WARN_DIRECT_OBJC_ISA_USAGE = NO;
				CODE_SIGN_IDENTITY = "Mac Developer";
				"CODE_SIGN_IDENTITY[sdk=macosx*]" = "Mac Developer";
				COMBINE_HIDPI_IMAGES = YES;
				DEVELOPMENT_TEAM = 2D4Z7WQ7RS;
				FRAMEWORK_SEARCH_PATHS = (
					"$(inherited)",
					"$(PROJECT_DIR)/Dog\\ Age",
				);
				GCC_PRECOMPILE_PREFIX_HEADER = YES;
				GCC_PREFIX_HEADER = "Dog Age/classes/Dog Age-Prefix.pch";
				GCC_PREPROCESSOR_DEFINITIONS = WEBSITE;
				GCC_WARN_ABOUT_DEPRECATED_FUNCTIONS = NO;
				INFOPLIST_FILE = "$(SRCROOT)/Dog Age/plist/Animal Age-Info.plist";
				MACOSX_DEPLOYMENT_TARGET = 10.11;
				PRODUCT_BUNDLE_IDENTIFIER = "com.jonbrown.org.Animal-Age";
				PRODUCT_NAME = "Animal Age";
				PROVISIONING_PROFILE = "";
				"PROVISIONING_PROFILE[sdk=macosx*]" = "AD05D771-874A-4592-8E62-6EA881A55870";
				WRAPPER_EXTENSION = app;
			};
			name = Release;
		};
/* End XCBuildConfiguration section */

/* Begin XCConfigurationList section */
		1127099714BBA19C00673DF8 /* Build configuration list for PBXProject "Dog Age" */ = {
			isa = XCConfigurationList;
			buildConfigurations = (
				112709B914BBA19D00673DF8 /* Debug */,
				112709BA14BBA19D00673DF8 /* Release */,
			);
			defaultConfigurationIsVisible = 0;
			defaultConfigurationName = Release;
		};
		112709BB14BBA19D00673DF8 /* Build configuration list for PBXNativeTarget "Animal Age" */ = {
			isa = XCConfigurationList;
			buildConfigurations = (
				112709BC14BBA19D00673DF8 /* Debug */,
				112709BD14BBA19D00673DF8 /* Release */,
			);
			defaultConfigurationIsVisible = 0;
			defaultConfigurationName = Release;
		};
		FC0C088C181D1A7E00E34270 /* Build configuration list for PBXNativeTarget "Animal Age Website" */ = {
			isa = XCConfigurationList;
			buildConfigurations = (
				FC0C088D181D1A7E00E34270 /* Debug */,
				FC0C088E181D1A7E00E34270 /* Release */,
			);
			defaultConfigurationIsVisible = 0;
			defaultConfigurationName = Release;
		};
/* End XCConfigurationList section */
	};
	rootObject = 1127099414BBA19C00673DF8 /* Project object */;
}
